<?xml version="1.0" encoding="utf-8"?>
<Project ToolsVersion="16.0" xmlns="http://schemas.microsoft.com/developer/msbuild/2003">
  <ItemGroup>
    <ClCompile Include="C:\Project\PlusB-bin\PlusLib-bin\src\PlusWidgets\Testing\ToolStateDisplayWidgetTest_autogen\mocs_compilation.cpp">
      <Filter>Source Files</Filter>
    </ClCompile>
    <ClCompile Include="C:\Project\PlusB-bin\PlusLib\src\PlusWidgets\Testing\ToolStateDisplayWidgetTest.cxx">
      <Filter>Source Files</Filter>
    </ClCompile>
    <ClCompile Include="C:\Project\PlusB-bin\PlusLib-bin\src\PlusWidgets\Testing\ToolStateDisplayWidgetTest_autogen\P4JFJ7DGLH\qrc_PlusWidgets.cpp">
      <Filter>Source Files</Filter>
    </ClCompile>
  </ItemGroup>
  <ItemGroup>
    <CustomBuild Include="C:\Project\PlusB-bin\PlusLib-bin\CMakeFiles\486394d4909d21e7176a502d72e8dca7\qrc_PlusWidgets.cpp.rule">
      <Filter>CMake Rules</Filter>
    </CustomBuild>
    <CustomBuild Include="C:\Project\PlusB-bin\PlusLib\src\PlusWidgets\Testing\CMakeLists.txt" />
  </ItemGroup>
  <ItemGroup>
    <None Include="C:\Project\PlusB-bin\PlusLib\src\PlusWidgets\PlusWidgets.qrc" />
  </ItemGroup>
  <ItemGroup>
    <Filter Include="CMake Rules">
      <UniqueIdentifier>{13E41915-8727-3B5C-A611-1808CE0122B3}</UniqueIdentifier>
    </Filter>
    <Filter Include="Source Files">
      <UniqueIdentifier>{DCD5C405-FE65-3AA4-AF41-8D3AD8FE32FC}</UniqueIdentifier>
    </Filter>
  </ItemGroup>
</Project>
