
Microsoft Visual Studio Solution File, Format Version 12.00
# Visual Studio Version 16
Project("{2150E333-8FDC-42A3-9474-1A3956D46DE8}") = "CMakePredefinedTargets", "CMakePredefinedTargets", "{AB683941-4608-3AA2-94D7-CB47076FE681}"
EndProject
Project("{8BC9CEB8-8B4A-11D0-8D11-00A0C91BC942}") = "ALL_BUILD", "ALL_BUILD.vcxproj", "{0989E9A5-9F81-38C2-8C08-33EE1691C30C}"
	ProjectSection(ProjectDependencies) = postProject
		{1A7D9E86-854E-34E6-A139-BD454D194F7B} = {1A7D9E86-854E-34E6-A139-BD454D194F7B}
		{1482C3E6-6EDD-3E42-9DFF-B781B6B30596} = {1482C3E6-6EDD-3E42-9DFF-B781B6B30596}
	EndProjectSection
EndProject
Project("{8BC9CEB8-8B4A-11D0-8D11-00A0C91BC942}") = "INSTALL", "INSTALL.vcxproj", "{F76C7013-D79E-3ED0-99D2-AD28FB9C1D5F}"
	ProjectSection(ProjectDependencies) = postProject
		{0989E9A5-9F81-38C2-8C08-33EE1691C30C} = {0989E9A5-9F81-38C2-8C08-33EE1691C30C}
		{1482C3E6-6EDD-3E42-9DFF-B781B6B30596} = {1482C3E6-6EDD-3E42-9DFF-B781B6B30596}
	EndProjectSection
EndProject
Project("{8BC9CEB8-8B4A-11D0-8D11-00A0C91BC942}") = "ITKDeconvolution-all", "ITKDeconvolution-all.vcxproj", "{1A7D9E86-854E-34E6-A139-BD454D194F7B}"
	ProjectSection(ProjectDependencies) = postProject
		{1482C3E6-6EDD-3E42-9DFF-B781B6B30596} = {1482C3E6-6EDD-3E42-9DFF-B781B6B30596}
	EndProjectSection
EndProject
Project("{8BC9CEB8-8B4A-11D0-8D11-00A0C91BC942}") = "PACKAGE", "PACKAGE.vcxproj", "{572C6369-1B38-3A05-964C-97CE1F530D83}"
	ProjectSection(ProjectDependencies) = postProject
		{0989E9A5-9F81-38C2-8C08-33EE1691C30C} = {0989E9A5-9F81-38C2-8C08-33EE1691C30C}
		{1482C3E6-6EDD-3E42-9DFF-B781B6B30596} = {1482C3E6-6EDD-3E42-9DFF-B781B6B30596}
	EndProjectSection
EndProject
Project("{8BC9CEB8-8B4A-11D0-8D11-00A0C91BC942}") = "ZERO_CHECK", "..\..\..\\ZERO_CHECK.vcxproj", "{1482C3E6-6EDD-3E42-9DFF-B781B6B30596}"
	ProjectSection(ProjectDependencies) = postProject
	EndProjectSection
EndProject
Global
	GlobalSection(SolutionConfigurationPlatforms) = preSolution
		Debug|x64 = Debug|x64
		Release|x64 = Release|x64
		MinSizeRel|x64 = MinSizeRel|x64
		RelWithDebInfo|x64 = RelWithDebInfo|x64
	EndGlobalSection
	GlobalSection(ProjectConfigurationPlatforms) = postSolution
		{0989E9A5-9F81-38C2-8C08-33EE1691C30C}.Debug|x64.ActiveCfg = Debug|x64
		{0989E9A5-9F81-38C2-8C08-33EE1691C30C}.Debug|x64.Build.0 = Debug|x64
		{0989E9A5-9F81-38C2-8C08-33EE1691C30C}.Release|x64.ActiveCfg = Release|x64
		{0989E9A5-9F81-38C2-8C08-33EE1691C30C}.Release|x64.Build.0 = Release|x64
		{0989E9A5-9F81-38C2-8C08-33EE1691C30C}.MinSizeRel|x64.ActiveCfg = MinSizeRel|x64
		{0989E9A5-9F81-38C2-8C08-33EE1691C30C}.MinSizeRel|x64.Build.0 = MinSizeRel|x64
		{0989E9A5-9F81-38C2-8C08-33EE1691C30C}.RelWithDebInfo|x64.ActiveCfg = RelWithDebInfo|x64
		{0989E9A5-9F81-38C2-8C08-33EE1691C30C}.RelWithDebInfo|x64.Build.0 = RelWithDebInfo|x64
		{F76C7013-D79E-3ED0-99D2-AD28FB9C1D5F}.Debug|x64.ActiveCfg = Debug|x64
		{F76C7013-D79E-3ED0-99D2-AD28FB9C1D5F}.Release|x64.ActiveCfg = Release|x64
		{F76C7013-D79E-3ED0-99D2-AD28FB9C1D5F}.MinSizeRel|x64.ActiveCfg = MinSizeRel|x64
		{F76C7013-D79E-3ED0-99D2-AD28FB9C1D5F}.RelWithDebInfo|x64.ActiveCfg = RelWithDebInfo|x64
		{1A7D9E86-854E-34E6-A139-BD454D194F7B}.Debug|x64.ActiveCfg = Debug|x64
		{1A7D9E86-854E-34E6-A139-BD454D194F7B}.Debug|x64.Build.0 = Debug|x64
		{1A7D9E86-854E-34E6-A139-BD454D194F7B}.Release|x64.ActiveCfg = Release|x64
		{1A7D9E86-854E-34E6-A139-BD454D194F7B}.Release|x64.Build.0 = Release|x64
		{1A7D9E86-854E-34E6-A139-BD454D194F7B}.MinSizeRel|x64.ActiveCfg = MinSizeRel|x64
		{1A7D9E86-854E-34E6-A139-BD454D194F7B}.MinSizeRel|x64.Build.0 = MinSizeRel|x64
		{1A7D9E86-854E-34E6-A139-BD454D194F7B}.RelWithDebInfo|x64.ActiveCfg = RelWithDebInfo|x64
		{1A7D9E86-854E-34E6-A139-BD454D194F7B}.RelWithDebInfo|x64.Build.0 = RelWithDebInfo|x64
		{572C6369-1B38-3A05-964C-97CE1F530D83}.Debug|x64.ActiveCfg = Debug|x64
		{572C6369-1B38-3A05-964C-97CE1F530D83}.Release|x64.ActiveCfg = Release|x64
		{572C6369-1B38-3A05-964C-97CE1F530D83}.MinSizeRel|x64.ActiveCfg = MinSizeRel|x64
		{572C6369-1B38-3A05-964C-97CE1F530D83}.RelWithDebInfo|x64.ActiveCfg = RelWithDebInfo|x64
		{1482C3E6-6EDD-3E42-9DFF-B781B6B30596}.Debug|x64.ActiveCfg = Debug|x64
		{1482C3E6-6EDD-3E42-9DFF-B781B6B30596}.Debug|x64.Build.0 = Debug|x64
		{1482C3E6-6EDD-3E42-9DFF-B781B6B30596}.Release|x64.ActiveCfg = Release|x64
		{1482C3E6-6EDD-3E42-9DFF-B781B6B30596}.Release|x64.Build.0 = Release|x64
		{1482C3E6-6EDD-3E42-9DFF-B781B6B30596}.MinSizeRel|x64.ActiveCfg = MinSizeRel|x64
		{1482C3E6-6EDD-3E42-9DFF-B781B6B30596}.MinSizeRel|x64.Build.0 = MinSizeRel|x64
		{1482C3E6-6EDD-3E42-9DFF-B781B6B30596}.RelWithDebInfo|x64.ActiveCfg = RelWithDebInfo|x64
		{1482C3E6-6EDD-3E42-9DFF-B781B6B30596}.RelWithDebInfo|x64.Build.0 = RelWithDebInfo|x64
	EndGlobalSection
	GlobalSection(NestedProjects) = preSolution
		{0989E9A5-9F81-38C2-8C08-33EE1691C30C} = {AB683941-4608-3AA2-94D7-CB47076FE681}
		{F76C7013-D79E-3ED0-99D2-AD28FB9C1D5F} = {AB683941-4608-3AA2-94D7-CB47076FE681}
		{572C6369-1B38-3A05-964C-97CE1F530D83} = {AB683941-4608-3AA2-94D7-CB47076FE681}
		{1482C3E6-6EDD-3E42-9DFF-B781B6B30596} = {AB683941-4608-3AA2-94D7-CB47076FE681}
	EndGlobalSection
	GlobalSection(ExtensibilityGlobals) = postSolution
		SolutionGuid = {58C5D533-6C44-3143-AD31-7DBCAF6CFBA5}
	EndGlobalSection
	GlobalSection(ExtensibilityAddIns) = postSolution
	EndGlobalSection
EndGlobal
