<?xml version="1.0" encoding="utf-8"?>
<Project ToolsVersion="16.0" xmlns="http://schemas.microsoft.com/developer/msbuild/2003">
  <ItemGroup>
    <ClCompile Include="C:\Project\PlusB-bin\PlusLib-bin\src\PlusCalibration\ProbeCalibration_autogen\mocs_compilation.cpp">
      <Filter>Source Files</Filter>
    </ClCompile>
    <ClCompile Include="C:\Project\PlusB-bin\PlusLib\src\PlusCalibration\Tools\ProbeCalibration.cxx">
      <Filter>Source Files</Filter>
    </ClCompile>
  </ItemGroup>
  <ItemGroup>
    <CustomBuild Include="C:\Project\PlusB-bin\PlusLib\src\PlusCalibration\CMakeLists.txt" />
  </ItemGroup>
  <ItemGroup>
    <Filter Include="Source Files">
      <UniqueIdentifier>{DCD5C405-FE65-3AA4-AF41-8D3AD8FE32FC}</UniqueIdentifier>
    </Filter>
  </ItemGroup>
</Project>
