<?xml version="1.0" encoding="utf-8"?>
<Project ToolsVersion="16.0" xmlns="http://schemas.microsoft.com/developer/msbuild/2003">
  <ItemGroup>
    <CustomBuild Include="C:\Project\PlusB-bin\itk\Modules\Filtering\Smoothing\CMakeLists.txt" />
  </ItemGroup>
  <ItemGroup>
    <None Include="C:\Project\PlusB-bin\itk\Modules\Filtering\Smoothing\include\itkBinomialBlurImageFilter.h">
      <Filter>Header Files</Filter>
    </None>
    <None Include="C:\Project\PlusB-bin\itk\Modules\Filtering\Smoothing\include\itkBinomialBlurImageFilter.hxx">
      <Filter>Header Files</Filter>
    </None>
    <None Include="C:\Project\PlusB-bin\itk\Modules\Filtering\Smoothing\include\itkBoxMeanImageFilter.h">
      <Filter>Header Files</Filter>
    </None>
    <None Include="C:\Project\PlusB-bin\itk\Modules\Filtering\Smoothing\include\itkBoxMeanImageFilter.hxx">
      <Filter>Header Files</Filter>
    </None>
    <None Include="C:\Project\PlusB-bin\itk\Modules\Filtering\Smoothing\include\itkBoxSigmaImageFilter.h">
      <Filter>Header Files</Filter>
    </None>
    <None Include="C:\Project\PlusB-bin\itk\Modules\Filtering\Smoothing\include\itkBoxSigmaImageFilter.hxx">
      <Filter>Header Files</Filter>
    </None>
    <None Include="C:\Project\PlusB-bin\itk\Modules\Filtering\Smoothing\include\itkBoxUtilities.h">
      <Filter>Header Files</Filter>
    </None>
    <None Include="C:\Project\PlusB-bin\itk\Modules\Filtering\Smoothing\include\itkDiscreteGaussianImageFilter.h">
      <Filter>Header Files</Filter>
    </None>
    <None Include="C:\Project\PlusB-bin\itk\Modules\Filtering\Smoothing\include\itkDiscreteGaussianImageFilter.hxx">
      <Filter>Header Files</Filter>
    </None>
    <None Include="C:\Project\PlusB-bin\itk\Modules\Filtering\Smoothing\include\itkMeanImageFilter.h">
      <Filter>Header Files</Filter>
    </None>
    <None Include="C:\Project\PlusB-bin\itk\Modules\Filtering\Smoothing\include\itkMeanImageFilter.hxx">
      <Filter>Header Files</Filter>
    </None>
    <None Include="C:\Project\PlusB-bin\itk\Modules\Filtering\Smoothing\include\itkMedianImageFilter.h">
      <Filter>Header Files</Filter>
    </None>
    <None Include="C:\Project\PlusB-bin\itk\Modules\Filtering\Smoothing\include\itkMedianImageFilter.hxx">
      <Filter>Header Files</Filter>
    </None>
    <None Include="C:\Project\PlusB-bin\itk\Modules\Filtering\Smoothing\include\itkRecursiveGaussianImageFilter.h">
      <Filter>Header Files</Filter>
    </None>
    <None Include="C:\Project\PlusB-bin\itk\Modules\Filtering\Smoothing\include\itkRecursiveGaussianImageFilter.hxx">
      <Filter>Header Files</Filter>
    </None>
    <None Include="C:\Project\PlusB-bin\itk\Modules\Filtering\Smoothing\include\itkSmoothingRecursiveGaussianImageFilter.h">
      <Filter>Header Files</Filter>
    </None>
    <None Include="C:\Project\PlusB-bin\itk\Modules\Filtering\Smoothing\include\itkSmoothingRecursiveGaussianImageFilter.hxx">
      <Filter>Header Files</Filter>
    </None>
  </ItemGroup>
  <ItemGroup>
    <Filter Include="Header Files">
      <UniqueIdentifier>{F958006F-841E-3F77-A7B5-2A4B9AA13527}</UniqueIdentifier>
    </Filter>
  </ItemGroup>
</Project>
