<?xml version="1.0" encoding="utf-8"?>
<Project ToolsVersion="16.0" xmlns="http://schemas.microsoft.com/developer/msbuild/2003">
  <ItemGroup>
    <ClCompile Include="C:\Project\PlusB-bin\itk\Modules\Numerics\Statistics\src\itkProbabilityDistribution.cxx">
      <Filter>Source Files</Filter>
    </ClCompile>
    <ClCompile Include="C:\Project\PlusB-bin\itk\Modules\Numerics\Statistics\src\itkDenseFrequencyContainer2.cxx">
      <Filter>Source Files</Filter>
    </ClCompile>
    <ClCompile Include="C:\Project\PlusB-bin\itk\Modules\Numerics\Statistics\src\itkSparseFrequencyContainer2.cxx">
      <Filter>Source Files</Filter>
    </ClCompile>
    <ClCompile Include="C:\Project\PlusB-bin\itk\Modules\Numerics\Statistics\src\itkChiSquareDistribution.cxx">
      <Filter>Source Files</Filter>
    </ClCompile>
    <ClCompile Include="C:\Project\PlusB-bin\itk\Modules\Numerics\Statistics\src\itkGaussianDistribution.cxx">
      <Filter>Source Files</Filter>
    </ClCompile>
    <ClCompile Include="C:\Project\PlusB-bin\itk\Modules\Numerics\Statistics\src\itkTDistribution.cxx">
      <Filter>Source Files</Filter>
    </ClCompile>
    <ClCompile Include="C:\Project\PlusB-bin\itk\Modules\Numerics\Statistics\src\itkNormalVariateGenerator.cxx">
      <Filter>Source Files</Filter>
    </ClCompile>
    <ClCompile Include="C:\Project\PlusB-bin\itk\Modules\Numerics\Statistics\src\itkDecisionRule.cxx">
      <Filter>Source Files</Filter>
    </ClCompile>
    <ClCompile Include="C:\Project\PlusB-bin\itk\Modules\Numerics\Statistics\src\itkMaximumDecisionRule.cxx">
      <Filter>Source Files</Filter>
    </ClCompile>
    <ClCompile Include="C:\Project\PlusB-bin\itk\Modules\Numerics\Statistics\src\itkMaximumRatioDecisionRule.cxx">
      <Filter>Source Files</Filter>
    </ClCompile>
    <ClCompile Include="C:\Project\PlusB-bin\itk\Modules\Numerics\Statistics\src\itkMinimumDecisionRule.cxx">
      <Filter>Source Files</Filter>
    </ClCompile>
  </ItemGroup>
  <ItemGroup>
    <CustomBuild Include="C:\Project\PlusB-bin\itk\Modules\Numerics\Statistics\src\CMakeLists.txt" />
  </ItemGroup>
  <ItemGroup>
    <Filter Include="Source Files">
      <UniqueIdentifier>{2AC2F65C-EFAE-3450-8BC4-C94EAB5A88FA}</UniqueIdentifier>
    </Filter>
  </ItemGroup>
</Project>
