<?xml version="1.0" encoding="utf-8"?>
<Project ToolsVersion="16.0" xmlns="http://schemas.microsoft.com/developer/msbuild/2003">
  <ItemGroup>
    <ClCompile Include="C:\Project\PlusB-bin\vtk\IO\Parallel\vtkEnSightWriter.cxx">
      <Filter>Source Files</Filter>
    </ClCompile>
    <ClCompile Include="C:\Project\PlusB-bin\vtk\IO\Parallel\vtkMultiBlockPLOT3DReader.cxx">
      <Filter>Source Files</Filter>
    </ClCompile>
    <ClCompile Include="C:\Project\PlusB-bin\vtk\IO\Parallel\vtkMultiBlockPLOT3DReaderInternals.cxx">
      <Filter>Source Files</Filter>
    </ClCompile>
    <ClCompile Include="C:\Project\PlusB-bin\vtk\IO\Parallel\vtkPlot3DMetaReader.cxx">
      <Filter>Source Files</Filter>
    </ClCompile>
    <ClCompile Include="C:\Project\PlusB-bin\vtk\IO\Parallel\vtkPChacoReader.cxx">
      <Filter>Source Files</Filter>
    </ClCompile>
    <ClCompile Include="C:\Project\PlusB-bin\vtk\IO\Parallel\vtkPDataSetReader.cxx">
      <Filter>Source Files</Filter>
    </ClCompile>
    <ClCompile Include="C:\Project\PlusB-bin\vtk\IO\Parallel\vtkPDataSetWriter.cxx">
      <Filter>Source Files</Filter>
    </ClCompile>
    <ClCompile Include="C:\Project\PlusB-bin\vtk\IO\Parallel\vtkPImageWriter.cxx">
      <Filter>Source Files</Filter>
    </ClCompile>
    <ClCompile Include="C:\Project\PlusB-bin\vtk\IO\Parallel\vtkPOpenFOAMReader.cxx">
      <Filter>Source Files</Filter>
    </ClCompile>
    <ClCompile Include="C:\Project\PlusB-bin\vtk\IO\Parallel\vtkPSLACReader.cxx">
      <Filter>Source Files</Filter>
    </ClCompile>
  </ItemGroup>
  <ItemGroup>
    <ClInclude Include="C:\Project\PlusB-bin\vtk\IO\Parallel\vtkEnSightWriter.h">
      <Filter>Header Files</Filter>
    </ClInclude>
    <ClInclude Include="C:\Project\PlusB-bin\vtk\IO\Parallel\vtkMultiBlockPLOT3DReader.h">
      <Filter>Header Files</Filter>
    </ClInclude>
    <ClInclude Include="C:\Project\PlusB-bin\vtk\IO\Parallel\vtkMultiBlockPLOT3DReaderInternals.h">
      <Filter>Header Files</Filter>
    </ClInclude>
    <ClInclude Include="C:\Project\PlusB-bin\vtk\IO\Parallel\vtkPlot3DMetaReader.h">
      <Filter>Header Files</Filter>
    </ClInclude>
    <ClInclude Include="C:\Project\PlusB-bin\vtk\IO\Parallel\vtkPChacoReader.h">
      <Filter>Header Files</Filter>
    </ClInclude>
    <ClInclude Include="C:\Project\PlusB-bin\vtk\IO\Parallel\vtkPDataSetReader.h">
      <Filter>Header Files</Filter>
    </ClInclude>
    <ClInclude Include="C:\Project\PlusB-bin\vtk\IO\Parallel\vtkPDataSetWriter.h">
      <Filter>Header Files</Filter>
    </ClInclude>
    <ClInclude Include="C:\Project\PlusB-bin\vtk\IO\Parallel\vtkPImageWriter.h">
      <Filter>Header Files</Filter>
    </ClInclude>
    <ClInclude Include="C:\Project\PlusB-bin\vtk\IO\Parallel\vtkPOpenFOAMReader.h">
      <Filter>Header Files</Filter>
    </ClInclude>
    <ClInclude Include="C:\Project\PlusB-bin\vtk\IO\Parallel\vtkPSLACReader.h">
      <Filter>Header Files</Filter>
    </ClInclude>
    <ClInclude Include="C:\Project\PlusB-bin\vtk-bin\IO\Parallel\vtkIOParallelModule.h">
      <Filter>Header Files</Filter>
    </ClInclude>
  </ItemGroup>
  <ItemGroup>
    <CustomBuild Include="C:\Project\PlusB-bin\vtk\IO\Parallel\CMakeLists.txt" />
  </ItemGroup>
  <ItemGroup>
    <Filter Include="Header Files">
      <UniqueIdentifier>{5EFC0CDA-0E69-39C3-B007-F41D1021B941}</UniqueIdentifier>
    </Filter>
    <Filter Include="Source Files">
      <UniqueIdentifier>{B1B3F4E0-F2F7-328C-868D-BD3440C13773}</UniqueIdentifier>
    </Filter>
  </ItemGroup>
</Project>
