<?xml version="1.0" encoding="utf-8"?>
<Project ToolsVersion="16.0" xmlns="http://schemas.microsoft.com/developer/msbuild/2003">
  <ItemGroup>
    <CustomBuild Include="C:\Project\PlusB-bin\itk\Modules\Video\Core\CMakeLists.txt" />
  </ItemGroup>
  <ItemGroup>
    <None Include="C:\Project\PlusB-bin\itk\Modules\Video\Core\src\itkTemporalDataObject.cxx">
      <Filter>Source Files</Filter>
    </None>
    <None Include="C:\Project\PlusB-bin\itk\Modules\Video\Core\src\itkTemporalProcessObject.cxx">
      <Filter>Source Files</Filter>
    </None>
    <None Include="C:\Project\PlusB-bin\itk\Modules\Video\Core\src\itkTemporalRegion.cxx">
      <Filter>Source Files</Filter>
    </None>
    <None Include="C:\Project\PlusB-bin\itk\Modules\Video\Core\include\itkRingBuffer.h">
      <Filter>Header Files</Filter>
    </None>
    <None Include="C:\Project\PlusB-bin\itk\Modules\Video\Core\include\itkRingBuffer.hxx">
      <Filter>Header Files</Filter>
    </None>
    <None Include="C:\Project\PlusB-bin\itk\Modules\Video\Core\include\itkTemporalDataObject.h">
      <Filter>Header Files</Filter>
    </None>
    <None Include="C:\Project\PlusB-bin\itk\Modules\Video\Core\include\itkTemporalProcessObject.h">
      <Filter>Header Files</Filter>
    </None>
    <None Include="C:\Project\PlusB-bin\itk\Modules\Video\Core\include\itkTemporalRegion.h">
      <Filter>Header Files</Filter>
    </None>
    <None Include="C:\Project\PlusB-bin\itk\Modules\Video\Core\include\itkVideoSource.h">
      <Filter>Header Files</Filter>
    </None>
    <None Include="C:\Project\PlusB-bin\itk\Modules\Video\Core\include\itkVideoSource.hxx">
      <Filter>Header Files</Filter>
    </None>
    <None Include="C:\Project\PlusB-bin\itk\Modules\Video\Core\include\itkVideoStream.h">
      <Filter>Header Files</Filter>
    </None>
    <None Include="C:\Project\PlusB-bin\itk\Modules\Video\Core\include\itkVideoStream.hxx">
      <Filter>Header Files</Filter>
    </None>
    <None Include="C:\Project\PlusB-bin\itk\Modules\Video\Core\include\itkVideoToVideoFilter.h">
      <Filter>Header Files</Filter>
    </None>
    <None Include="C:\Project\PlusB-bin\itk\Modules\Video\Core\include\itkVideoToVideoFilter.hxx">
      <Filter>Header Files</Filter>
    </None>
  </ItemGroup>
  <ItemGroup>
    <Filter Include="Header Files">
      <UniqueIdentifier>{F958006F-841E-3F77-A7B5-2A4B9AA13527}</UniqueIdentifier>
    </Filter>
    <Filter Include="Source Files">
      <UniqueIdentifier>{2AC2F65C-EFAE-3450-8BC4-C94EAB5A88FA}</UniqueIdentifier>
    </Filter>
  </ItemGroup>
</Project>
