<?xml version="1.0" encoding="utf-8"?>
<Project ToolsVersion="16.0" xmlns="http://schemas.microsoft.com/developer/msbuild/2003">
  <ItemGroup>
    <ClCompile Include="C:\Project\PlusB-bin\vtk\Filters\Core\vtkAppendArcLength.cxx">
      <Filter>Source Files</Filter>
    </ClCompile>
    <ClCompile Include="C:\Project\PlusB-bin\vtk\Filters\Core\vtkAppendFilter.cxx">
      <Filter>Source Files</Filter>
    </ClCompile>
    <ClCompile Include="C:\Project\PlusB-bin\vtk\Filters\Core\vtkAppendPolyData.cxx">
      <Filter>Source Files</Filter>
    </ClCompile>
    <ClCompile Include="C:\Project\PlusB-bin\vtk\Filters\Core\vtkAppendSelection.cxx">
      <Filter>Source Files</Filter>
    </ClCompile>
    <ClCompile Include="C:\Project\PlusB-bin\vtk\Filters\Core\vtkArrayCalculator.cxx">
      <Filter>Source Files</Filter>
    </ClCompile>
    <ClCompile Include="C:\Project\PlusB-bin\vtk\Filters\Core\vtkAssignAttribute.cxx">
      <Filter>Source Files</Filter>
    </ClCompile>
    <ClCompile Include="C:\Project\PlusB-bin\vtk\Filters\Core\vtkAttributeDataToFieldDataFilter.cxx">
      <Filter>Source Files</Filter>
    </ClCompile>
    <ClCompile Include="C:\Project\PlusB-bin\vtk\Filters\Core\vtkBinCellDataFilter.cxx">
      <Filter>Source Files</Filter>
    </ClCompile>
    <ClCompile Include="C:\Project\PlusB-bin\vtk\Filters\Core\vtkCellDataToPointData.cxx">
      <Filter>Source Files</Filter>
    </ClCompile>
    <ClCompile Include="C:\Project\PlusB-bin\vtk\Filters\Core\vtkCleanPolyData.cxx">
      <Filter>Source Files</Filter>
    </ClCompile>
    <ClCompile Include="C:\Project\PlusB-bin\vtk\Filters\Core\vtkClipPolyData.cxx">
      <Filter>Source Files</Filter>
    </ClCompile>
    <ClCompile Include="C:\Project\PlusB-bin\vtk\Filters\Core\vtkCompositeDataProbeFilter.cxx">
      <Filter>Source Files</Filter>
    </ClCompile>
    <ClCompile Include="C:\Project\PlusB-bin\vtk\Filters\Core\vtkConnectivityFilter.cxx">
      <Filter>Source Files</Filter>
    </ClCompile>
    <ClCompile Include="C:\Project\PlusB-bin\vtk\Filters\Core\vtkContourFilter.cxx">
      <Filter>Source Files</Filter>
    </ClCompile>
    <ClCompile Include="C:\Project\PlusB-bin\vtk\Filters\Core\vtkContourGrid.cxx">
      <Filter>Source Files</Filter>
    </ClCompile>
    <ClCompile Include="C:\Project\PlusB-bin\vtk\Filters\Core\vtkContourHelper.cxx">
      <Filter>Source Files</Filter>
    </ClCompile>
    <ClCompile Include="C:\Project\PlusB-bin\vtk\Filters\Core\vtkContour3DLinearGrid.cxx">
      <Filter>Source Files</Filter>
    </ClCompile>
    <ClCompile Include="C:\Project\PlusB-bin\vtk\Filters\Core\vtkDataObjectGenerator.cxx">
      <Filter>Source Files</Filter>
    </ClCompile>
    <ClCompile Include="C:\Project\PlusB-bin\vtk\Filters\Core\vtkDataObjectToDataSetFilter.cxx">
      <Filter>Source Files</Filter>
    </ClCompile>
    <ClCompile Include="C:\Project\PlusB-bin\vtk\Filters\Core\vtkDataSetEdgeSubdivisionCriterion.cxx">
      <Filter>Source Files</Filter>
    </ClCompile>
    <ClCompile Include="C:\Project\PlusB-bin\vtk\Filters\Core\vtkDataSetToDataObjectFilter.cxx">
      <Filter>Source Files</Filter>
    </ClCompile>
    <ClCompile Include="C:\Project\PlusB-bin\vtk\Filters\Core\vtkDecimatePolylineFilter.cxx">
      <Filter>Source Files</Filter>
    </ClCompile>
    <ClCompile Include="C:\Project\PlusB-bin\vtk\Filters\Core\vtkDecimatePro.cxx">
      <Filter>Source Files</Filter>
    </ClCompile>
    <ClCompile Include="C:\Project\PlusB-bin\vtk\Filters\Core\vtkDelaunay2D.cxx">
      <Filter>Source Files</Filter>
    </ClCompile>
    <ClCompile Include="C:\Project\PlusB-bin\vtk\Filters\Core\vtkDelaunay3D.cxx">
      <Filter>Source Files</Filter>
    </ClCompile>
    <ClCompile Include="C:\Project\PlusB-bin\vtk\Filters\Core\vtkElevationFilter.cxx">
      <Filter>Source Files</Filter>
    </ClCompile>
    <ClCompile Include="C:\Project\PlusB-bin\vtk\Filters\Core\vtkExecutionTimer.cxx">
      <Filter>Source Files</Filter>
    </ClCompile>
    <ClCompile Include="C:\Project\PlusB-bin\vtk\Filters\Core\vtkFeatureEdges.cxx">
      <Filter>Source Files</Filter>
    </ClCompile>
    <ClCompile Include="C:\Project\PlusB-bin\vtk\Filters\Core\vtkFieldDataToAttributeDataFilter.cxx">
      <Filter>Source Files</Filter>
    </ClCompile>
    <ClCompile Include="C:\Project\PlusB-bin\vtk\Filters\Core\vtkFlyingEdges2D.cxx">
      <Filter>Source Files</Filter>
    </ClCompile>
    <ClCompile Include="C:\Project\PlusB-bin\vtk\Filters\Core\vtkFlyingEdges3D.cxx">
      <Filter>Source Files</Filter>
    </ClCompile>
    <ClCompile Include="C:\Project\PlusB-bin\vtk\Filters\Core\vtkFlyingEdgesPlaneCutter.cxx">
      <Filter>Source Files</Filter>
    </ClCompile>
    <ClCompile Include="C:\Project\PlusB-bin\vtk\Filters\Core\vtkGlyph2D.cxx">
      <Filter>Source Files</Filter>
    </ClCompile>
    <ClCompile Include="C:\Project\PlusB-bin\vtk\Filters\Core\vtkGlyph3D.cxx">
      <Filter>Source Files</Filter>
    </ClCompile>
    <ClCompile Include="C:\Project\PlusB-bin\vtk\Filters\Core\vtkHedgeHog.cxx">
      <Filter>Source Files</Filter>
    </ClCompile>
    <ClCompile Include="C:\Project\PlusB-bin\vtk\Filters\Core\vtkHull.cxx">
      <Filter>Source Files</Filter>
    </ClCompile>
    <ClCompile Include="C:\Project\PlusB-bin\vtk\Filters\Core\vtkIdFilter.cxx">
      <Filter>Source Files</Filter>
    </ClCompile>
    <ClCompile Include="C:\Project\PlusB-bin\vtk\Filters\Core\vtkMarchingCubes.cxx">
      <Filter>Source Files</Filter>
    </ClCompile>
    <ClCompile Include="C:\Project\PlusB-bin\vtk\Filters\Core\vtkMarchingSquares.cxx">
      <Filter>Source Files</Filter>
    </ClCompile>
    <ClCompile Include="C:\Project\PlusB-bin\vtk\Filters\Core\vtkMaskFields.cxx">
      <Filter>Source Files</Filter>
    </ClCompile>
    <ClCompile Include="C:\Project\PlusB-bin\vtk\Filters\Core\vtkMaskPoints.cxx">
      <Filter>Source Files</Filter>
    </ClCompile>
    <ClCompile Include="C:\Project\PlusB-bin\vtk\Filters\Core\vtkMaskPolyData.cxx">
      <Filter>Source Files</Filter>
    </ClCompile>
    <ClCompile Include="C:\Project\PlusB-bin\vtk\Filters\Core\vtkMassProperties.cxx">
      <Filter>Source Files</Filter>
    </ClCompile>
    <ClCompile Include="C:\Project\PlusB-bin\vtk\Filters\Core\vtkMergeDataObjectFilter.cxx">
      <Filter>Source Files</Filter>
    </ClCompile>
    <ClCompile Include="C:\Project\PlusB-bin\vtk\Filters\Core\vtkMergeFields.cxx">
      <Filter>Source Files</Filter>
    </ClCompile>
    <ClCompile Include="C:\Project\PlusB-bin\vtk\Filters\Core\vtkMergeFilter.cxx">
      <Filter>Source Files</Filter>
    </ClCompile>
    <ClCompile Include="C:\Project\PlusB-bin\vtk\Filters\Core\vtkMoleculeAppend.cxx">
      <Filter>Source Files</Filter>
    </ClCompile>
    <ClCompile Include="C:\Project\PlusB-bin\vtk\Filters\Core\vtkMultiObjectMassProperties.cxx">
      <Filter>Source Files</Filter>
    </ClCompile>
    <ClCompile Include="C:\Project\PlusB-bin\vtk\Filters\Core\vtkPlaneCutter.cxx">
      <Filter>Source Files</Filter>
    </ClCompile>
    <ClCompile Include="C:\Project\PlusB-bin\vtk\Filters\Core\vtkPointDataToCellData.cxx">
      <Filter>Source Files</Filter>
    </ClCompile>
    <ClCompile Include="C:\Project\PlusB-bin\vtk\Filters\Core\vtkPolyDataConnectivityFilter.cxx">
      <Filter>Source Files</Filter>
    </ClCompile>
    <ClCompile Include="C:\Project\PlusB-bin\vtk\Filters\Core\vtkPolyDataNormals.cxx">
      <Filter>Source Files</Filter>
    </ClCompile>
    <ClCompile Include="C:\Project\PlusB-bin\vtk\Filters\Core\vtkProbeFilter.cxx">
      <Filter>Source Files</Filter>
    </ClCompile>
    <ClCompile Include="C:\Project\PlusB-bin\vtk\Filters\Core\vtkQuadricClustering.cxx">
      <Filter>Source Files</Filter>
    </ClCompile>
    <ClCompile Include="C:\Project\PlusB-bin\vtk\Filters\Core\vtkQuadricDecimation.cxx">
      <Filter>Source Files</Filter>
    </ClCompile>
    <ClCompile Include="C:\Project\PlusB-bin\vtk\Filters\Core\vtkRearrangeFields.cxx">
      <Filter>Source Files</Filter>
    </ClCompile>
    <ClCompile Include="C:\Project\PlusB-bin\vtk\Filters\Core\vtkRemoveDuplicatePolys.cxx">
      <Filter>Source Files</Filter>
    </ClCompile>
    <ClCompile Include="C:\Project\PlusB-bin\vtk\Filters\Core\vtkResampleToImage.cxx">
      <Filter>Source Files</Filter>
    </ClCompile>
    <ClCompile Include="C:\Project\PlusB-bin\vtk\Filters\Core\vtkResampleWithDataSet.cxx">
      <Filter>Source Files</Filter>
    </ClCompile>
    <ClCompile Include="C:\Project\PlusB-bin\vtk\Filters\Core\vtkReverseSense.cxx">
      <Filter>Source Files</Filter>
    </ClCompile>
    <ClCompile Include="C:\Project\PlusB-bin\vtk\Filters\Core\vtkSimpleElevationFilter.cxx">
      <Filter>Source Files</Filter>
    </ClCompile>
    <ClCompile Include="C:\Project\PlusB-bin\vtk\Filters\Core\vtkSmoothPolyDataFilter.cxx">
      <Filter>Source Files</Filter>
    </ClCompile>
    <ClCompile Include="C:\Project\PlusB-bin\vtk\Filters\Core\vtkSphereTreeFilter.cxx">
      <Filter>Source Files</Filter>
    </ClCompile>
    <ClCompile Include="C:\Project\PlusB-bin\vtk\Filters\Core\vtkStaticCleanPolyData.cxx">
      <Filter>Source Files</Filter>
    </ClCompile>
    <ClCompile Include="C:\Project\PlusB-bin\vtk\Filters\Core\vtkStripper.cxx">
      <Filter>Source Files</Filter>
    </ClCompile>
    <ClCompile Include="C:\Project\PlusB-bin\vtk\Filters\Core\vtkStructuredGridOutlineFilter.cxx">
      <Filter>Source Files</Filter>
    </ClCompile>
    <ClCompile Include="C:\Project\PlusB-bin\vtk\Filters\Core\vtkSynchronizedTemplates2D.cxx">
      <Filter>Source Files</Filter>
    </ClCompile>
    <ClCompile Include="C:\Project\PlusB-bin\vtk\Filters\Core\vtkSynchronizedTemplates3D.cxx">
      <Filter>Source Files</Filter>
    </ClCompile>
    <ClCompile Include="C:\Project\PlusB-bin\vtk\Filters\Core\vtkSynchronizedTemplatesCutter3D.cxx">
      <Filter>Source Files</Filter>
    </ClCompile>
    <ClCompile Include="C:\Project\PlusB-bin\vtk\Filters\Core\vtkTensorGlyph.cxx">
      <Filter>Source Files</Filter>
    </ClCompile>
    <ClCompile Include="C:\Project\PlusB-bin\vtk\Filters\Core\vtkThreshold.cxx">
      <Filter>Source Files</Filter>
    </ClCompile>
    <ClCompile Include="C:\Project\PlusB-bin\vtk\Filters\Core\vtkThresholdPoints.cxx">
      <Filter>Source Files</Filter>
    </ClCompile>
    <ClCompile Include="C:\Project\PlusB-bin\vtk\Filters\Core\vtkTransposeTable.cxx">
      <Filter>Source Files</Filter>
    </ClCompile>
    <ClCompile Include="C:\Project\PlusB-bin\vtk\Filters\Core\vtkTriangleFilter.cxx">
      <Filter>Source Files</Filter>
    </ClCompile>
    <ClCompile Include="C:\Project\PlusB-bin\vtk\Filters\Core\vtkTriangleMeshPointNormals.cxx">
      <Filter>Source Files</Filter>
    </ClCompile>
    <ClCompile Include="C:\Project\PlusB-bin\vtk\Filters\Core\vtkTubeFilter.cxx">
      <Filter>Source Files</Filter>
    </ClCompile>
    <ClCompile Include="C:\Project\PlusB-bin\vtk\Filters\Core\vtkUnstructuredGridQuadricDecimation.cxx">
      <Filter>Source Files</Filter>
    </ClCompile>
    <ClCompile Include="C:\Project\PlusB-bin\vtk\Filters\Core\vtkVectorDot.cxx">
      <Filter>Source Files</Filter>
    </ClCompile>
    <ClCompile Include="C:\Project\PlusB-bin\vtk\Filters\Core\vtkVectorNorm.cxx">
      <Filter>Source Files</Filter>
    </ClCompile>
    <ClCompile Include="C:\Project\PlusB-bin\vtk\Filters\Core\vtkVoronoi2D.cxx">
      <Filter>Source Files</Filter>
    </ClCompile>
    <ClCompile Include="C:\Project\PlusB-bin\vtk\Filters\Core\vtkWindowedSincPolyDataFilter.cxx">
      <Filter>Source Files</Filter>
    </ClCompile>
    <ClCompile Include="C:\Project\PlusB-bin\vtk\Filters\Core\vtkCutter.cxx">
      <Filter>Source Files</Filter>
    </ClCompile>
    <ClCompile Include="C:\Project\PlusB-bin\vtk\Filters\Core\vtkCompositeCutter.cxx">
      <Filter>Source Files</Filter>
    </ClCompile>
    <ClCompile Include="C:\Project\PlusB-bin\vtk\Filters\Core\vtkGridSynchronizedTemplates3D.cxx">
      <Filter>Source Files</Filter>
    </ClCompile>
    <ClCompile Include="C:\Project\PlusB-bin\vtk\Filters\Core\vtkRectilinearSynchronizedTemplates.cxx">
      <Filter>Source Files</Filter>
    </ClCompile>
    <ClCompile Include="C:\Project\PlusB-bin\vtk\Filters\Core\vtkEdgeSubdivisionCriterion.cxx">
      <Filter>Source Files</Filter>
    </ClCompile>
    <ClCompile Include="C:\Project\PlusB-bin\vtk\Filters\Core\vtkStreamingTessellator.cxx">
      <Filter>Source Files</Filter>
    </ClCompile>
    <ClCompile Include="C:\Project\PlusB-bin\vtk\Filters\Core\vtkImplicitPolyDataDistance.cxx">
      <Filter>Source Files</Filter>
    </ClCompile>
    <ClCompile Include="C:\Project\PlusB-bin\vtk\Filters\Core\vtkStreamerBase.cxx">
      <Filter>Source Files</Filter>
    </ClCompile>
    <ClCompile Include="C:\Project\PlusB-bin\vtk\Filters\Core\vtkCenterOfMass.cxx">
      <Filter>Source Files</Filter>
    </ClCompile>
    <ClCompile Include="C:\Project\PlusB-bin\vtk\Filters\Core\vtkImageAppend.cxx">
      <Filter>Source Files</Filter>
    </ClCompile>
    <ClCompile Include="C:\Project\PlusB-bin\vtk\Filters\Core\vtkStructuredGridAppend.cxx">
      <Filter>Source Files</Filter>
    </ClCompile>
    <ClCompile Include="C:\Project\PlusB-bin\vtk\Filters\Core\vtkAppendCompositeDataLeaves.cxx">
      <Filter>Source Files</Filter>
    </ClCompile>
  </ItemGroup>
  <ItemGroup>
    <ClInclude Include="C:\Project\PlusB-bin\vtk\Filters\Core\vtkAppendArcLength.h">
      <Filter>Header Files</Filter>
    </ClInclude>
    <ClInclude Include="C:\Project\PlusB-bin\vtk\Filters\Core\vtkAppendFilter.h">
      <Filter>Header Files</Filter>
    </ClInclude>
    <ClInclude Include="C:\Project\PlusB-bin\vtk\Filters\Core\vtkAppendPolyData.h">
      <Filter>Header Files</Filter>
    </ClInclude>
    <ClInclude Include="C:\Project\PlusB-bin\vtk\Filters\Core\vtkAppendSelection.h">
      <Filter>Header Files</Filter>
    </ClInclude>
    <ClInclude Include="C:\Project\PlusB-bin\vtk\Filters\Core\vtkArrayCalculator.h">
      <Filter>Header Files</Filter>
    </ClInclude>
    <ClInclude Include="C:\Project\PlusB-bin\vtk\Filters\Core\vtkAssignAttribute.h">
      <Filter>Header Files</Filter>
    </ClInclude>
    <ClInclude Include="C:\Project\PlusB-bin\vtk\Filters\Core\vtkAttributeDataToFieldDataFilter.h">
      <Filter>Header Files</Filter>
    </ClInclude>
    <ClInclude Include="C:\Project\PlusB-bin\vtk\Filters\Core\vtkBinCellDataFilter.h">
      <Filter>Header Files</Filter>
    </ClInclude>
    <ClInclude Include="C:\Project\PlusB-bin\vtk\Filters\Core\vtkCellDataToPointData.h">
      <Filter>Header Files</Filter>
    </ClInclude>
    <ClInclude Include="C:\Project\PlusB-bin\vtk\Filters\Core\vtkCleanPolyData.h">
      <Filter>Header Files</Filter>
    </ClInclude>
    <ClInclude Include="C:\Project\PlusB-bin\vtk\Filters\Core\vtkClipPolyData.h">
      <Filter>Header Files</Filter>
    </ClInclude>
    <ClInclude Include="C:\Project\PlusB-bin\vtk\Filters\Core\vtkCompositeDataProbeFilter.h">
      <Filter>Header Files</Filter>
    </ClInclude>
    <ClInclude Include="C:\Project\PlusB-bin\vtk\Filters\Core\vtkConnectivityFilter.h">
      <Filter>Header Files</Filter>
    </ClInclude>
    <ClInclude Include="C:\Project\PlusB-bin\vtk\Filters\Core\vtkContourFilter.h">
      <Filter>Header Files</Filter>
    </ClInclude>
    <ClInclude Include="C:\Project\PlusB-bin\vtk\Filters\Core\vtkContourGrid.h">
      <Filter>Header Files</Filter>
    </ClInclude>
    <ClInclude Include="C:\Project\PlusB-bin\vtk\Filters\Core\vtkContourHelper.h">
      <Filter>Header Files</Filter>
    </ClInclude>
    <ClInclude Include="C:\Project\PlusB-bin\vtk\Filters\Core\vtkContour3DLinearGrid.h">
      <Filter>Header Files</Filter>
    </ClInclude>
    <ClInclude Include="C:\Project\PlusB-bin\vtk\Filters\Core\vtkDataObjectGenerator.h">
      <Filter>Header Files</Filter>
    </ClInclude>
    <ClInclude Include="C:\Project\PlusB-bin\vtk\Filters\Core\vtkDataObjectToDataSetFilter.h">
      <Filter>Header Files</Filter>
    </ClInclude>
    <ClInclude Include="C:\Project\PlusB-bin\vtk\Filters\Core\vtkDataSetEdgeSubdivisionCriterion.h">
      <Filter>Header Files</Filter>
    </ClInclude>
    <ClInclude Include="C:\Project\PlusB-bin\vtk\Filters\Core\vtkDataSetToDataObjectFilter.h">
      <Filter>Header Files</Filter>
    </ClInclude>
    <ClInclude Include="C:\Project\PlusB-bin\vtk\Filters\Core\vtkDecimatePolylineFilter.h">
      <Filter>Header Files</Filter>
    </ClInclude>
    <ClInclude Include="C:\Project\PlusB-bin\vtk\Filters\Core\vtkDecimatePro.h">
      <Filter>Header Files</Filter>
    </ClInclude>
    <ClInclude Include="C:\Project\PlusB-bin\vtk\Filters\Core\vtkDelaunay2D.h">
      <Filter>Header Files</Filter>
    </ClInclude>
    <ClInclude Include="C:\Project\PlusB-bin\vtk\Filters\Core\vtkDelaunay3D.h">
      <Filter>Header Files</Filter>
    </ClInclude>
    <ClInclude Include="C:\Project\PlusB-bin\vtk\Filters\Core\vtkElevationFilter.h">
      <Filter>Header Files</Filter>
    </ClInclude>
    <ClInclude Include="C:\Project\PlusB-bin\vtk\Filters\Core\vtkExecutionTimer.h">
      <Filter>Header Files</Filter>
    </ClInclude>
    <ClInclude Include="C:\Project\PlusB-bin\vtk\Filters\Core\vtkFeatureEdges.h">
      <Filter>Header Files</Filter>
    </ClInclude>
    <ClInclude Include="C:\Project\PlusB-bin\vtk\Filters\Core\vtkFieldDataToAttributeDataFilter.h">
      <Filter>Header Files</Filter>
    </ClInclude>
    <ClInclude Include="C:\Project\PlusB-bin\vtk\Filters\Core\vtkFlyingEdges2D.h">
      <Filter>Header Files</Filter>
    </ClInclude>
    <ClInclude Include="C:\Project\PlusB-bin\vtk\Filters\Core\vtkFlyingEdges3D.h">
      <Filter>Header Files</Filter>
    </ClInclude>
    <ClInclude Include="C:\Project\PlusB-bin\vtk\Filters\Core\vtkFlyingEdgesPlaneCutter.h">
      <Filter>Header Files</Filter>
    </ClInclude>
    <ClInclude Include="C:\Project\PlusB-bin\vtk\Filters\Core\vtkGlyph2D.h">
      <Filter>Header Files</Filter>
    </ClInclude>
    <ClInclude Include="C:\Project\PlusB-bin\vtk\Filters\Core\vtkGlyph3D.h">
      <Filter>Header Files</Filter>
    </ClInclude>
    <ClInclude Include="C:\Project\PlusB-bin\vtk\Filters\Core\vtkHedgeHog.h">
      <Filter>Header Files</Filter>
    </ClInclude>
    <ClInclude Include="C:\Project\PlusB-bin\vtk\Filters\Core\vtkHull.h">
      <Filter>Header Files</Filter>
    </ClInclude>
    <ClInclude Include="C:\Project\PlusB-bin\vtk\Filters\Core\vtkIdFilter.h">
      <Filter>Header Files</Filter>
    </ClInclude>
    <ClInclude Include="C:\Project\PlusB-bin\vtk\Filters\Core\vtkMarchingCubes.h">
      <Filter>Header Files</Filter>
    </ClInclude>
    <ClInclude Include="C:\Project\PlusB-bin\vtk\Filters\Core\vtkMarchingSquares.h">
      <Filter>Header Files</Filter>
    </ClInclude>
    <ClInclude Include="C:\Project\PlusB-bin\vtk\Filters\Core\vtkMaskFields.h">
      <Filter>Header Files</Filter>
    </ClInclude>
    <ClInclude Include="C:\Project\PlusB-bin\vtk\Filters\Core\vtkMaskPoints.h">
      <Filter>Header Files</Filter>
    </ClInclude>
    <ClInclude Include="C:\Project\PlusB-bin\vtk\Filters\Core\vtkMaskPolyData.h">
      <Filter>Header Files</Filter>
    </ClInclude>
    <ClInclude Include="C:\Project\PlusB-bin\vtk\Filters\Core\vtkMassProperties.h">
      <Filter>Header Files</Filter>
    </ClInclude>
    <ClInclude Include="C:\Project\PlusB-bin\vtk\Filters\Core\vtkMergeDataObjectFilter.h">
      <Filter>Header Files</Filter>
    </ClInclude>
    <ClInclude Include="C:\Project\PlusB-bin\vtk\Filters\Core\vtkMergeFields.h">
      <Filter>Header Files</Filter>
    </ClInclude>
    <ClInclude Include="C:\Project\PlusB-bin\vtk\Filters\Core\vtkMergeFilter.h">
      <Filter>Header Files</Filter>
    </ClInclude>
    <ClInclude Include="C:\Project\PlusB-bin\vtk\Filters\Core\vtkMoleculeAppend.h">
      <Filter>Header Files</Filter>
    </ClInclude>
    <ClInclude Include="C:\Project\PlusB-bin\vtk\Filters\Core\vtkMultiObjectMassProperties.h">
      <Filter>Header Files</Filter>
    </ClInclude>
    <ClInclude Include="C:\Project\PlusB-bin\vtk\Filters\Core\vtkPlaneCutter.h">
      <Filter>Header Files</Filter>
    </ClInclude>
    <ClInclude Include="C:\Project\PlusB-bin\vtk\Filters\Core\vtkPointDataToCellData.h">
      <Filter>Header Files</Filter>
    </ClInclude>
    <ClInclude Include="C:\Project\PlusB-bin\vtk\Filters\Core\vtkPolyDataConnectivityFilter.h">
      <Filter>Header Files</Filter>
    </ClInclude>
    <ClInclude Include="C:\Project\PlusB-bin\vtk\Filters\Core\vtkPolyDataNormals.h">
      <Filter>Header Files</Filter>
    </ClInclude>
    <ClInclude Include="C:\Project\PlusB-bin\vtk\Filters\Core\vtkProbeFilter.h">
      <Filter>Header Files</Filter>
    </ClInclude>
    <ClInclude Include="C:\Project\PlusB-bin\vtk\Filters\Core\vtkQuadricClustering.h">
      <Filter>Header Files</Filter>
    </ClInclude>
    <ClInclude Include="C:\Project\PlusB-bin\vtk\Filters\Core\vtkQuadricDecimation.h">
      <Filter>Header Files</Filter>
    </ClInclude>
    <ClInclude Include="C:\Project\PlusB-bin\vtk\Filters\Core\vtkRearrangeFields.h">
      <Filter>Header Files</Filter>
    </ClInclude>
    <ClInclude Include="C:\Project\PlusB-bin\vtk\Filters\Core\vtkRemoveDuplicatePolys.h">
      <Filter>Header Files</Filter>
    </ClInclude>
    <ClInclude Include="C:\Project\PlusB-bin\vtk\Filters\Core\vtkResampleToImage.h">
      <Filter>Header Files</Filter>
    </ClInclude>
    <ClInclude Include="C:\Project\PlusB-bin\vtk\Filters\Core\vtkResampleWithDataSet.h">
      <Filter>Header Files</Filter>
    </ClInclude>
    <ClInclude Include="C:\Project\PlusB-bin\vtk\Filters\Core\vtkReverseSense.h">
      <Filter>Header Files</Filter>
    </ClInclude>
    <ClInclude Include="C:\Project\PlusB-bin\vtk\Filters\Core\vtkSimpleElevationFilter.h">
      <Filter>Header Files</Filter>
    </ClInclude>
    <ClInclude Include="C:\Project\PlusB-bin\vtk\Filters\Core\vtkSmoothPolyDataFilter.h">
      <Filter>Header Files</Filter>
    </ClInclude>
    <ClInclude Include="C:\Project\PlusB-bin\vtk\Filters\Core\vtkSphereTreeFilter.h">
      <Filter>Header Files</Filter>
    </ClInclude>
    <ClInclude Include="C:\Project\PlusB-bin\vtk\Filters\Core\vtkStaticCleanPolyData.h">
      <Filter>Header Files</Filter>
    </ClInclude>
    <ClInclude Include="C:\Project\PlusB-bin\vtk\Filters\Core\vtkStripper.h">
      <Filter>Header Files</Filter>
    </ClInclude>
    <ClInclude Include="C:\Project\PlusB-bin\vtk\Filters\Core\vtkStructuredGridOutlineFilter.h">
      <Filter>Header Files</Filter>
    </ClInclude>
    <ClInclude Include="C:\Project\PlusB-bin\vtk\Filters\Core\vtkSynchronizedTemplates2D.h">
      <Filter>Header Files</Filter>
    </ClInclude>
    <ClInclude Include="C:\Project\PlusB-bin\vtk\Filters\Core\vtkSynchronizedTemplates3D.h">
      <Filter>Header Files</Filter>
    </ClInclude>
    <ClInclude Include="C:\Project\PlusB-bin\vtk\Filters\Core\vtkSynchronizedTemplatesCutter3D.h">
      <Filter>Header Files</Filter>
    </ClInclude>
    <ClInclude Include="C:\Project\PlusB-bin\vtk\Filters\Core\vtkTensorGlyph.h">
      <Filter>Header Files</Filter>
    </ClInclude>
    <ClInclude Include="C:\Project\PlusB-bin\vtk\Filters\Core\vtkThreshold.h">
      <Filter>Header Files</Filter>
    </ClInclude>
    <ClInclude Include="C:\Project\PlusB-bin\vtk\Filters\Core\vtkThresholdPoints.h">
      <Filter>Header Files</Filter>
    </ClInclude>
    <ClInclude Include="C:\Project\PlusB-bin\vtk\Filters\Core\vtkTransposeTable.h">
      <Filter>Header Files</Filter>
    </ClInclude>
    <ClInclude Include="C:\Project\PlusB-bin\vtk\Filters\Core\vtkTriangleFilter.h">
      <Filter>Header Files</Filter>
    </ClInclude>
    <ClInclude Include="C:\Project\PlusB-bin\vtk\Filters\Core\vtkTriangleMeshPointNormals.h">
      <Filter>Header Files</Filter>
    </ClInclude>
    <ClInclude Include="C:\Project\PlusB-bin\vtk\Filters\Core\vtkTubeFilter.h">
      <Filter>Header Files</Filter>
    </ClInclude>
    <ClInclude Include="C:\Project\PlusB-bin\vtk\Filters\Core\vtkUnstructuredGridQuadricDecimation.h">
      <Filter>Header Files</Filter>
    </ClInclude>
    <ClInclude Include="C:\Project\PlusB-bin\vtk\Filters\Core\vtkVectorDot.h">
      <Filter>Header Files</Filter>
    </ClInclude>
    <ClInclude Include="C:\Project\PlusB-bin\vtk\Filters\Core\vtkVectorNorm.h">
      <Filter>Header Files</Filter>
    </ClInclude>
    <ClInclude Include="C:\Project\PlusB-bin\vtk\Filters\Core\vtkVoronoi2D.h">
      <Filter>Header Files</Filter>
    </ClInclude>
    <ClInclude Include="C:\Project\PlusB-bin\vtk\Filters\Core\vtkWindowedSincPolyDataFilter.h">
      <Filter>Header Files</Filter>
    </ClInclude>
    <ClInclude Include="C:\Project\PlusB-bin\vtk\Filters\Core\vtkCutter.h">
      <Filter>Header Files</Filter>
    </ClInclude>
    <ClInclude Include="C:\Project\PlusB-bin\vtk\Filters\Core\vtkCompositeCutter.h">
      <Filter>Header Files</Filter>
    </ClInclude>
    <ClInclude Include="C:\Project\PlusB-bin\vtk\Filters\Core\vtkGridSynchronizedTemplates3D.h">
      <Filter>Header Files</Filter>
    </ClInclude>
    <ClInclude Include="C:\Project\PlusB-bin\vtk\Filters\Core\vtkRectilinearSynchronizedTemplates.h">
      <Filter>Header Files</Filter>
    </ClInclude>
    <ClInclude Include="C:\Project\PlusB-bin\vtk\Filters\Core\vtkEdgeSubdivisionCriterion.h">
      <Filter>Header Files</Filter>
    </ClInclude>
    <ClInclude Include="C:\Project\PlusB-bin\vtk\Filters\Core\vtkStreamingTessellator.h">
      <Filter>Header Files</Filter>
    </ClInclude>
    <ClInclude Include="C:\Project\PlusB-bin\vtk\Filters\Core\vtkImplicitPolyDataDistance.h">
      <Filter>Header Files</Filter>
    </ClInclude>
    <ClInclude Include="C:\Project\PlusB-bin\vtk\Filters\Core\vtkStreamerBase.h">
      <Filter>Header Files</Filter>
    </ClInclude>
    <ClInclude Include="C:\Project\PlusB-bin\vtk\Filters\Core\vtkCenterOfMass.h">
      <Filter>Header Files</Filter>
    </ClInclude>
    <ClInclude Include="C:\Project\PlusB-bin\vtk\Filters\Core\vtkImageAppend.h">
      <Filter>Header Files</Filter>
    </ClInclude>
    <ClInclude Include="C:\Project\PlusB-bin\vtk\Filters\Core\vtkStructuredGridAppend.h">
      <Filter>Header Files</Filter>
    </ClInclude>
    <ClInclude Include="C:\Project\PlusB-bin\vtk\Filters\Core\vtkAppendCompositeDataLeaves.h">
      <Filter>Header Files</Filter>
    </ClInclude>
    <ClInclude Include="C:\Project\PlusB-bin\vtk-bin\Filters\Core\vtkFiltersCoreModule.h">
      <Filter>Header Files</Filter>
    </ClInclude>
  </ItemGroup>
  <ItemGroup>
    <CustomBuild Include="C:\Project\PlusB-bin\vtk\Filters\Core\CMakeLists.txt" />
  </ItemGroup>
  <ItemGroup>
    <Filter Include="Header Files">
      <UniqueIdentifier>{5EFC0CDA-0E69-39C3-B007-F41D1021B941}</UniqueIdentifier>
    </Filter>
    <Filter Include="Source Files">
      <UniqueIdentifier>{B1B3F4E0-F2F7-328C-868D-BD3440C13773}</UniqueIdentifier>
    </Filter>
  </ItemGroup>
</Project>
