
Microsoft Visual Studio Solution File, Format Version 12.00
# Visual Studio Version 16
Project("{2150E333-8FDC-42A3-9474-1A3956D46DE8}") = "CMakePredefinedTargets", "CMakePredefinedTargets", "{AB683941-4608-3AA2-94D7-CB47076FE681}"
EndProject
Project("{8BC9CEB8-8B4A-11D0-8D11-00A0C91BC942}") = "ALL_BUILD", "ALL_BUILD.vcxproj", "{0989E9A5-9F81-38C2-8C08-33EE1691C30C}"
	ProjectSection(ProjectDependencies) = postProject
		{F05B6F2A-764C-3F36-B2BA-9C8C89637959} = {F05B6F2A-764C-3F36-B2BA-9C8C89637959}
		{680C1754-453A-3E98-B9CE-534827E3A3D3} = {680C1754-453A-3E98-B9CE-534827E3A3D3}
		{1482C3E6-6EDD-3E42-9DFF-B781B6B30596} = {1482C3E6-6EDD-3E42-9DFF-B781B6B30596}
	EndProjectSection
EndProject
Project("{8BC9CEB8-8B4A-11D0-8D11-00A0C91BC942}") = "INSTALL", "INSTALL.vcxproj", "{F76C7013-D79E-3ED0-99D2-AD28FB9C1D5F}"
	ProjectSection(ProjectDependencies) = postProject
		{0989E9A5-9F81-38C2-8C08-33EE1691C30C} = {0989E9A5-9F81-38C2-8C08-33EE1691C30C}
		{1482C3E6-6EDD-3E42-9DFF-B781B6B30596} = {1482C3E6-6EDD-3E42-9DFF-B781B6B30596}
	EndProjectSection
EndProject
Project("{8BC9CEB8-8B4A-11D0-8D11-00A0C91BC942}") = "ITKCommon", "..\..\Core\Common\src\ITKCommon.vcxproj", "{11627940-BB28-32AF-BDAE-22F131CA16B0}"
	ProjectSection(ProjectDependencies) = postProject
		{7E9FE007-91CB-3BBC-BD4A-E439D3ACBDF8} = {7E9FE007-91CB-3BBC-BD4A-E439D3ACBDF8}
		{1482C3E6-6EDD-3E42-9DFF-B781B6B30596} = {1482C3E6-6EDD-3E42-9DFF-B781B6B30596}
		{199369DB-AD62-3561-8449-550316F0C2AC} = {199369DB-AD62-3561-8449-550316F0C2AC}
		{924CBEAF-C4E2-3631-9E4E-96424B82F639} = {924CBEAF-C4E2-3631-9E4E-96424B82F639}
		{B6124A39-02D4-35C2-9A3C-2655D555A492} = {B6124A39-02D4-35C2-9A3C-2655D555A492}
		{1742AAAF-EF41-3D5E-9A1C-F24239DB4774} = {1742AAAF-EF41-3D5E-9A1C-F24239DB4774}
		{5FCE8653-DFD1-376C-9993-0BA2D05313F9} = {5FCE8653-DFD1-376C-9993-0BA2D05313F9}
		{4DA7C123-B60C-3CA7-8954-17974A9646A0} = {4DA7C123-B60C-3CA7-8954-17974A9646A0}
		{F4817124-7057-3565-861C-36660C74F819} = {F4817124-7057-3565-861C-36660C74F819}
	EndProjectSection
EndProject
Project("{8BC9CEB8-8B4A-11D0-8D11-00A0C91BC942}") = "ITKIOImageBase", "..\ImageBase\src\ITKIOImageBase.vcxproj", "{64082105-D3BD-3C40-B787-0CF6731214A7}"
	ProjectSection(ProjectDependencies) = postProject
		{11627940-BB28-32AF-BDAE-22F131CA16B0} = {11627940-BB28-32AF-BDAE-22F131CA16B0}
		{7E9FE007-91CB-3BBC-BD4A-E439D3ACBDF8} = {7E9FE007-91CB-3BBC-BD4A-E439D3ACBDF8}
		{1482C3E6-6EDD-3E42-9DFF-B781B6B30596} = {1482C3E6-6EDD-3E42-9DFF-B781B6B30596}
		{924CBEAF-C4E2-3631-9E4E-96424B82F639} = {924CBEAF-C4E2-3631-9E4E-96424B82F639}
		{B6124A39-02D4-35C2-9A3C-2655D555A492} = {B6124A39-02D4-35C2-9A3C-2655D555A492}
		{1742AAAF-EF41-3D5E-9A1C-F24239DB4774} = {1742AAAF-EF41-3D5E-9A1C-F24239DB4774}
		{5FCE8653-DFD1-376C-9993-0BA2D05313F9} = {5FCE8653-DFD1-376C-9993-0BA2D05313F9}
		{4DA7C123-B60C-3CA7-8954-17974A9646A0} = {4DA7C123-B60C-3CA7-8954-17974A9646A0}
		{F4817124-7057-3565-861C-36660C74F819} = {F4817124-7057-3565-861C-36660C74F819}
	EndProjectSection
EndProject
Project("{8BC9CEB8-8B4A-11D0-8D11-00A0C91BC942}") = "ITKIOTIFF", "src\ITKIOTIFF.vcxproj", "{F05B6F2A-764C-3F36-B2BA-9C8C89637959}"
	ProjectSection(ProjectDependencies) = postProject
		{11627940-BB28-32AF-BDAE-22F131CA16B0} = {11627940-BB28-32AF-BDAE-22F131CA16B0}
		{64082105-D3BD-3C40-B787-0CF6731214A7} = {64082105-D3BD-3C40-B787-0CF6731214A7}
		{7E9FE007-91CB-3BBC-BD4A-E439D3ACBDF8} = {7E9FE007-91CB-3BBC-BD4A-E439D3ACBDF8}
		{1482C3E6-6EDD-3E42-9DFF-B781B6B30596} = {1482C3E6-6EDD-3E42-9DFF-B781B6B30596}
		{B6696E99-F9DF-3577-8B97-7C72DA193439} = {B6696E99-F9DF-3577-8B97-7C72DA193439}
		{924CBEAF-C4E2-3631-9E4E-96424B82F639} = {924CBEAF-C4E2-3631-9E4E-96424B82F639}
		{B6124A39-02D4-35C2-9A3C-2655D555A492} = {B6124A39-02D4-35C2-9A3C-2655D555A492}
		{A3FA8012-3C39-3561-8728-BF22061434D3} = {A3FA8012-3C39-3561-8728-BF22061434D3}
		{1742AAAF-EF41-3D5E-9A1C-F24239DB4774} = {1742AAAF-EF41-3D5E-9A1C-F24239DB4774}
		{5FCE8653-DFD1-376C-9993-0BA2D05313F9} = {5FCE8653-DFD1-376C-9993-0BA2D05313F9}
		{4DA7C123-B60C-3CA7-8954-17974A9646A0} = {4DA7C123-B60C-3CA7-8954-17974A9646A0}
		{F4817124-7057-3565-861C-36660C74F819} = {F4817124-7057-3565-861C-36660C74F819}
		{D420C9D2-8C71-3AE5-B572-90620285D6AB} = {D420C9D2-8C71-3AE5-B572-90620285D6AB}
	EndProjectSection
EndProject
Project("{8BC9CEB8-8B4A-11D0-8D11-00A0C91BC942}") = "ITKIOTIFF-all", "ITKIOTIFF-all.vcxproj", "{680C1754-453A-3E98-B9CE-534827E3A3D3}"
	ProjectSection(ProjectDependencies) = postProject
		{F05B6F2A-764C-3F36-B2BA-9C8C89637959} = {F05B6F2A-764C-3F36-B2BA-9C8C89637959}
		{1482C3E6-6EDD-3E42-9DFF-B781B6B30596} = {1482C3E6-6EDD-3E42-9DFF-B781B6B30596}
	EndProjectSection
EndProject
Project("{8BC9CEB8-8B4A-11D0-8D11-00A0C91BC942}") = "ITKVNLInstantiation", "..\..\ThirdParty\VNLInstantiation\src\ITKVNLInstantiation.vcxproj", "{7E9FE007-91CB-3BBC-BD4A-E439D3ACBDF8}"
	ProjectSection(ProjectDependencies) = postProject
		{1482C3E6-6EDD-3E42-9DFF-B781B6B30596} = {1482C3E6-6EDD-3E42-9DFF-B781B6B30596}
		{924CBEAF-C4E2-3631-9E4E-96424B82F639} = {924CBEAF-C4E2-3631-9E4E-96424B82F639}
		{1742AAAF-EF41-3D5E-9A1C-F24239DB4774} = {1742AAAF-EF41-3D5E-9A1C-F24239DB4774}
		{5FCE8653-DFD1-376C-9993-0BA2D05313F9} = {5FCE8653-DFD1-376C-9993-0BA2D05313F9}
		{4DA7C123-B60C-3CA7-8954-17974A9646A0} = {4DA7C123-B60C-3CA7-8954-17974A9646A0}
		{F4817124-7057-3565-861C-36660C74F819} = {F4817124-7057-3565-861C-36660C74F819}
	EndProjectSection
EndProject
Project("{8BC9CEB8-8B4A-11D0-8D11-00A0C91BC942}") = "PACKAGE", "PACKAGE.vcxproj", "{572C6369-1B38-3A05-964C-97CE1F530D83}"
	ProjectSection(ProjectDependencies) = postProject
		{0989E9A5-9F81-38C2-8C08-33EE1691C30C} = {0989E9A5-9F81-38C2-8C08-33EE1691C30C}
		{1482C3E6-6EDD-3E42-9DFF-B781B6B30596} = {1482C3E6-6EDD-3E42-9DFF-B781B6B30596}
	EndProjectSection
EndProject
Project("{8BC9CEB8-8B4A-11D0-8D11-00A0C91BC942}") = "ZERO_CHECK", "..\..\..\\ZERO_CHECK.vcxproj", "{1482C3E6-6EDD-3E42-9DFF-B781B6B30596}"
	ProjectSection(ProjectDependencies) = postProject
	EndProjectSection
EndProject
Project("{8BC9CEB8-8B4A-11D0-8D11-00A0C91BC942}") = "itkdouble-conversion", "..\..\ThirdParty\DoubleConversion\src\double-conversion\itkdouble-conversion.vcxproj", "{199369DB-AD62-3561-8449-550316F0C2AC}"
	ProjectSection(ProjectDependencies) = postProject
		{1482C3E6-6EDD-3E42-9DFF-B781B6B30596} = {1482C3E6-6EDD-3E42-9DFF-B781B6B30596}
	EndProjectSection
EndProject
Project("{8BC9CEB8-8B4A-11D0-8D11-00A0C91BC942}") = "itkjpeg", "..\..\ThirdParty\JPEG\src\itkjpeg\itkjpeg.vcxproj", "{B6696E99-F9DF-3577-8B97-7C72DA193439}"
	ProjectSection(ProjectDependencies) = postProject
		{1482C3E6-6EDD-3E42-9DFF-B781B6B30596} = {1482C3E6-6EDD-3E42-9DFF-B781B6B30596}
	EndProjectSection
EndProject
Project("{8BC9CEB8-8B4A-11D0-8D11-00A0C91BC942}") = "itknetlib", "..\..\ThirdParty\VNL\src\vxl\v3p\netlib\itknetlib.vcxproj", "{924CBEAF-C4E2-3631-9E4E-96424B82F639}"
	ProjectSection(ProjectDependencies) = postProject
		{1482C3E6-6EDD-3E42-9DFF-B781B6B30596} = {1482C3E6-6EDD-3E42-9DFF-B781B6B30596}
	EndProjectSection
EndProject
Project("{8BC9CEB8-8B4A-11D0-8D11-00A0C91BC942}") = "itksys", "..\..\ThirdParty\KWSys\src\KWSys\itksys.vcxproj", "{B6124A39-02D4-35C2-9A3C-2655D555A492}"
	ProjectSection(ProjectDependencies) = postProject
		{1482C3E6-6EDD-3E42-9DFF-B781B6B30596} = {1482C3E6-6EDD-3E42-9DFF-B781B6B30596}
	EndProjectSection
EndProject
Project("{8BC9CEB8-8B4A-11D0-8D11-00A0C91BC942}") = "itktiff", "..\..\ThirdParty\TIFF\src\itktiff\itktiff.vcxproj", "{A3FA8012-3C39-3561-8728-BF22061434D3}"
	ProjectSection(ProjectDependencies) = postProject
		{1482C3E6-6EDD-3E42-9DFF-B781B6B30596} = {1482C3E6-6EDD-3E42-9DFF-B781B6B30596}
		{B6696E99-F9DF-3577-8B97-7C72DA193439} = {B6696E99-F9DF-3577-8B97-7C72DA193439}
		{D420C9D2-8C71-3AE5-B572-90620285D6AB} = {D420C9D2-8C71-3AE5-B572-90620285D6AB}
	EndProjectSection
EndProject
Project("{8BC9CEB8-8B4A-11D0-8D11-00A0C91BC942}") = "itkv3p_netlib", "..\..\ThirdParty\VNL\src\vxl\v3p\netlib\itkv3p_netlib.vcxproj", "{1742AAAF-EF41-3D5E-9A1C-F24239DB4774}"
	ProjectSection(ProjectDependencies) = postProject
		{1482C3E6-6EDD-3E42-9DFF-B781B6B30596} = {1482C3E6-6EDD-3E42-9DFF-B781B6B30596}
	EndProjectSection
EndProject
Project("{8BC9CEB8-8B4A-11D0-8D11-00A0C91BC942}") = "itkvcl", "..\..\ThirdParty\VNL\src\vxl\vcl\itkvcl.vcxproj", "{5FCE8653-DFD1-376C-9993-0BA2D05313F9}"
	ProjectSection(ProjectDependencies) = postProject
		{1482C3E6-6EDD-3E42-9DFF-B781B6B30596} = {1482C3E6-6EDD-3E42-9DFF-B781B6B30596}
	EndProjectSection
EndProject
Project("{8BC9CEB8-8B4A-11D0-8D11-00A0C91BC942}") = "itkvnl", "..\..\ThirdParty\VNL\src\vxl\core\vnl\itkvnl.vcxproj", "{4DA7C123-B60C-3CA7-8954-17974A9646A0}"
	ProjectSection(ProjectDependencies) = postProject
		{1482C3E6-6EDD-3E42-9DFF-B781B6B30596} = {1482C3E6-6EDD-3E42-9DFF-B781B6B30596}
		{5FCE8653-DFD1-376C-9993-0BA2D05313F9} = {5FCE8653-DFD1-376C-9993-0BA2D05313F9}
	EndProjectSection
EndProject
Project("{8BC9CEB8-8B4A-11D0-8D11-00A0C91BC942}") = "itkvnl_algo", "..\..\ThirdParty\VNL\src\vxl\core\vnl\algo\itkvnl_algo.vcxproj", "{F4817124-7057-3565-861C-36660C74F819}"
	ProjectSection(ProjectDependencies) = postProject
		{1482C3E6-6EDD-3E42-9DFF-B781B6B30596} = {1482C3E6-6EDD-3E42-9DFF-B781B6B30596}
		{924CBEAF-C4E2-3631-9E4E-96424B82F639} = {924CBEAF-C4E2-3631-9E4E-96424B82F639}
		{1742AAAF-EF41-3D5E-9A1C-F24239DB4774} = {1742AAAF-EF41-3D5E-9A1C-F24239DB4774}
		{5FCE8653-DFD1-376C-9993-0BA2D05313F9} = {5FCE8653-DFD1-376C-9993-0BA2D05313F9}
		{4DA7C123-B60C-3CA7-8954-17974A9646A0} = {4DA7C123-B60C-3CA7-8954-17974A9646A0}
	EndProjectSection
EndProject
Project("{8BC9CEB8-8B4A-11D0-8D11-00A0C91BC942}") = "itkzlib", "..\..\ThirdParty\ZLIB\src\itkzlib\itkzlib.vcxproj", "{D420C9D2-8C71-3AE5-B572-90620285D6AB}"
	ProjectSection(ProjectDependencies) = postProject
		{1482C3E6-6EDD-3E42-9DFF-B781B6B30596} = {1482C3E6-6EDD-3E42-9DFF-B781B6B30596}
	EndProjectSection
EndProject
Global
	GlobalSection(SolutionConfigurationPlatforms) = preSolution
		Debug|x64 = Debug|x64
		Release|x64 = Release|x64
		MinSizeRel|x64 = MinSizeRel|x64
		RelWithDebInfo|x64 = RelWithDebInfo|x64
	EndGlobalSection
	GlobalSection(ProjectConfigurationPlatforms) = postSolution
		{0989E9A5-9F81-38C2-8C08-33EE1691C30C}.Debug|x64.ActiveCfg = Debug|x64
		{0989E9A5-9F81-38C2-8C08-33EE1691C30C}.Debug|x64.Build.0 = Debug|x64
		{0989E9A5-9F81-38C2-8C08-33EE1691C30C}.Release|x64.ActiveCfg = Release|x64
		{0989E9A5-9F81-38C2-8C08-33EE1691C30C}.Release|x64.Build.0 = Release|x64
		{0989E9A5-9F81-38C2-8C08-33EE1691C30C}.MinSizeRel|x64.ActiveCfg = MinSizeRel|x64
		{0989E9A5-9F81-38C2-8C08-33EE1691C30C}.MinSizeRel|x64.Build.0 = MinSizeRel|x64
		{0989E9A5-9F81-38C2-8C08-33EE1691C30C}.RelWithDebInfo|x64.ActiveCfg = RelWithDebInfo|x64
		{0989E9A5-9F81-38C2-8C08-33EE1691C30C}.RelWithDebInfo|x64.Build.0 = RelWithDebInfo|x64
		{F76C7013-D79E-3ED0-99D2-AD28FB9C1D5F}.Debug|x64.ActiveCfg = Debug|x64
		{F76C7013-D79E-3ED0-99D2-AD28FB9C1D5F}.Release|x64.ActiveCfg = Release|x64
		{F76C7013-D79E-3ED0-99D2-AD28FB9C1D5F}.MinSizeRel|x64.ActiveCfg = MinSizeRel|x64
		{F76C7013-D79E-3ED0-99D2-AD28FB9C1D5F}.RelWithDebInfo|x64.ActiveCfg = RelWithDebInfo|x64
		{11627940-BB28-32AF-BDAE-22F131CA16B0}.Debug|x64.ActiveCfg = Debug|x64
		{11627940-BB28-32AF-BDAE-22F131CA16B0}.Debug|x64.Build.0 = Debug|x64
		{11627940-BB28-32AF-BDAE-22F131CA16B0}.Release|x64.ActiveCfg = Release|x64
		{11627940-BB28-32AF-BDAE-22F131CA16B0}.Release|x64.Build.0 = Release|x64
		{11627940-BB28-32AF-BDAE-22F131CA16B0}.MinSizeRel|x64.ActiveCfg = MinSizeRel|x64
		{11627940-BB28-32AF-BDAE-22F131CA16B0}.MinSizeRel|x64.Build.0 = MinSizeRel|x64
		{11627940-BB28-32AF-BDAE-22F131CA16B0}.RelWithDebInfo|x64.ActiveCfg = RelWithDebInfo|x64
		{11627940-BB28-32AF-BDAE-22F131CA16B0}.RelWithDebInfo|x64.Build.0 = RelWithDebInfo|x64
		{64082105-D3BD-3C40-B787-0CF6731214A7}.Debug|x64.ActiveCfg = Debug|x64
		{64082105-D3BD-3C40-B787-0CF6731214A7}.Debug|x64.Build.0 = Debug|x64
		{64082105-D3BD-3C40-B787-0CF6731214A7}.Release|x64.ActiveCfg = Release|x64
		{64082105-D3BD-3C40-B787-0CF6731214A7}.Release|x64.Build.0 = Release|x64
		{64082105-D3BD-3C40-B787-0CF6731214A7}.MinSizeRel|x64.ActiveCfg = MinSizeRel|x64
		{64082105-D3BD-3C40-B787-0CF6731214A7}.MinSizeRel|x64.Build.0 = MinSizeRel|x64
		{64082105-D3BD-3C40-B787-0CF6731214A7}.RelWithDebInfo|x64.ActiveCfg = RelWithDebInfo|x64
		{64082105-D3BD-3C40-B787-0CF6731214A7}.RelWithDebInfo|x64.Build.0 = RelWithDebInfo|x64
		{F05B6F2A-764C-3F36-B2BA-9C8C89637959}.Debug|x64.ActiveCfg = Debug|x64
		{F05B6F2A-764C-3F36-B2BA-9C8C89637959}.Debug|x64.Build.0 = Debug|x64
		{F05B6F2A-764C-3F36-B2BA-9C8C89637959}.Release|x64.ActiveCfg = Release|x64
		{F05B6F2A-764C-3F36-B2BA-9C8C89637959}.Release|x64.Build.0 = Release|x64
		{F05B6F2A-764C-3F36-B2BA-9C8C89637959}.MinSizeRel|x64.ActiveCfg = MinSizeRel|x64
		{F05B6F2A-764C-3F36-B2BA-9C8C89637959}.MinSizeRel|x64.Build.0 = MinSizeRel|x64
		{F05B6F2A-764C-3F36-B2BA-9C8C89637959}.RelWithDebInfo|x64.ActiveCfg = RelWithDebInfo|x64
		{F05B6F2A-764C-3F36-B2BA-9C8C89637959}.RelWithDebInfo|x64.Build.0 = RelWithDebInfo|x64
		{680C1754-453A-3E98-B9CE-534827E3A3D3}.Debug|x64.ActiveCfg = Debug|x64
		{680C1754-453A-3E98-B9CE-534827E3A3D3}.Debug|x64.Build.0 = Debug|x64
		{680C1754-453A-3E98-B9CE-534827E3A3D3}.Release|x64.ActiveCfg = Release|x64
		{680C1754-453A-3E98-B9CE-534827E3A3D3}.Release|x64.Build.0 = Release|x64
		{680C1754-453A-3E98-B9CE-534827E3A3D3}.MinSizeRel|x64.ActiveCfg = MinSizeRel|x64
		{680C1754-453A-3E98-B9CE-534827E3A3D3}.MinSizeRel|x64.Build.0 = MinSizeRel|x64
		{680C1754-453A-3E98-B9CE-534827E3A3D3}.RelWithDebInfo|x64.ActiveCfg = RelWithDebInfo|x64
		{680C1754-453A-3E98-B9CE-534827E3A3D3}.RelWithDebInfo|x64.Build.0 = RelWithDebInfo|x64
		{7E9FE007-91CB-3BBC-BD4A-E439D3ACBDF8}.Debug|x64.ActiveCfg = Debug|x64
		{7E9FE007-91CB-3BBC-BD4A-E439D3ACBDF8}.Debug|x64.Build.0 = Debug|x64
		{7E9FE007-91CB-3BBC-BD4A-E439D3ACBDF8}.Release|x64.ActiveCfg = Release|x64
		{7E9FE007-91CB-3BBC-BD4A-E439D3ACBDF8}.Release|x64.Build.0 = Release|x64
		{7E9FE007-91CB-3BBC-BD4A-E439D3ACBDF8}.MinSizeRel|x64.ActiveCfg = MinSizeRel|x64
		{7E9FE007-91CB-3BBC-BD4A-E439D3ACBDF8}.MinSizeRel|x64.Build.0 = MinSizeRel|x64
		{7E9FE007-91CB-3BBC-BD4A-E439D3ACBDF8}.RelWithDebInfo|x64.ActiveCfg = RelWithDebInfo|x64
		{7E9FE007-91CB-3BBC-BD4A-E439D3ACBDF8}.RelWithDebInfo|x64.Build.0 = RelWithDebInfo|x64
		{572C6369-1B38-3A05-964C-97CE1F530D83}.Debug|x64.ActiveCfg = Debug|x64
		{572C6369-1B38-3A05-964C-97CE1F530D83}.Release|x64.ActiveCfg = Release|x64
		{572C6369-1B38-3A05-964C-97CE1F530D83}.MinSizeRel|x64.ActiveCfg = MinSizeRel|x64
		{572C6369-1B38-3A05-964C-97CE1F530D83}.RelWithDebInfo|x64.ActiveCfg = RelWithDebInfo|x64
		{1482C3E6-6EDD-3E42-9DFF-B781B6B30596}.Debug|x64.ActiveCfg = Debug|x64
		{1482C3E6-6EDD-3E42-9DFF-B781B6B30596}.Debug|x64.Build.0 = Debug|x64
		{1482C3E6-6EDD-3E42-9DFF-B781B6B30596}.Release|x64.ActiveCfg = Release|x64
		{1482C3E6-6EDD-3E42-9DFF-B781B6B30596}.Release|x64.Build.0 = Release|x64
		{1482C3E6-6EDD-3E42-9DFF-B781B6B30596}.MinSizeRel|x64.ActiveCfg = MinSizeRel|x64
		{1482C3E6-6EDD-3E42-9DFF-B781B6B30596}.MinSizeRel|x64.Build.0 = MinSizeRel|x64
		{1482C3E6-6EDD-3E42-9DFF-B781B6B30596}.RelWithDebInfo|x64.ActiveCfg = RelWithDebInfo|x64
		{1482C3E6-6EDD-3E42-9DFF-B781B6B30596}.RelWithDebInfo|x64.Build.0 = RelWithDebInfo|x64
		{199369DB-AD62-3561-8449-550316F0C2AC}.Debug|x64.ActiveCfg = Debug|x64
		{199369DB-AD62-3561-8449-550316F0C2AC}.Debug|x64.Build.0 = Debug|x64
		{199369DB-AD62-3561-8449-550316F0C2AC}.Release|x64.ActiveCfg = Release|x64
		{199369DB-AD62-3561-8449-550316F0C2AC}.Release|x64.Build.0 = Release|x64
		{199369DB-AD62-3561-8449-550316F0C2AC}.MinSizeRel|x64.ActiveCfg = MinSizeRel|x64
		{199369DB-AD62-3561-8449-550316F0C2AC}.MinSizeRel|x64.Build.0 = MinSizeRel|x64
		{199369DB-AD62-3561-8449-550316F0C2AC}.RelWithDebInfo|x64.ActiveCfg = RelWithDebInfo|x64
		{199369DB-AD62-3561-8449-550316F0C2AC}.RelWithDebInfo|x64.Build.0 = RelWithDebInfo|x64
		{B6696E99-F9DF-3577-8B97-7C72DA193439}.Debug|x64.ActiveCfg = Debug|x64
		{B6696E99-F9DF-3577-8B97-7C72DA193439}.Debug|x64.Build.0 = Debug|x64
		{B6696E99-F9DF-3577-8B97-7C72DA193439}.Release|x64.ActiveCfg = Release|x64
		{B6696E99-F9DF-3577-8B97-7C72DA193439}.Release|x64.Build.0 = Release|x64
		{B6696E99-F9DF-3577-8B97-7C72DA193439}.MinSizeRel|x64.ActiveCfg = MinSizeRel|x64
		{B6696E99-F9DF-3577-8B97-7C72DA193439}.MinSizeRel|x64.Build.0 = MinSizeRel|x64
		{B6696E99-F9DF-3577-8B97-7C72DA193439}.RelWithDebInfo|x64.ActiveCfg = RelWithDebInfo|x64
		{B6696E99-F9DF-3577-8B97-7C72DA193439}.RelWithDebInfo|x64.Build.0 = RelWithDebInfo|x64
		{924CBEAF-C4E2-3631-9E4E-96424B82F639}.Debug|x64.ActiveCfg = Debug|x64
		{924CBEAF-C4E2-3631-9E4E-96424B82F639}.Debug|x64.Build.0 = Debug|x64
		{924CBEAF-C4E2-3631-9E4E-96424B82F639}.Release|x64.ActiveCfg = Release|x64
		{924CBEAF-C4E2-3631-9E4E-96424B82F639}.Release|x64.Build.0 = Release|x64
		{924CBEAF-C4E2-3631-9E4E-96424B82F639}.MinSizeRel|x64.ActiveCfg = MinSizeRel|x64
		{924CBEAF-C4E2-3631-9E4E-96424B82F639}.MinSizeRel|x64.Build.0 = MinSizeRel|x64
		{924CBEAF-C4E2-3631-9E4E-96424B82F639}.RelWithDebInfo|x64.ActiveCfg = RelWithDebInfo|x64
		{924CBEAF-C4E2-3631-9E4E-96424B82F639}.RelWithDebInfo|x64.Build.0 = RelWithDebInfo|x64
		{B6124A39-02D4-35C2-9A3C-2655D555A492}.Debug|x64.ActiveCfg = Debug|x64
		{B6124A39-02D4-35C2-9A3C-2655D555A492}.Debug|x64.Build.0 = Debug|x64
		{B6124A39-02D4-35C2-9A3C-2655D555A492}.Release|x64.ActiveCfg = Release|x64
		{B6124A39-02D4-35C2-9A3C-2655D555A492}.Release|x64.Build.0 = Release|x64
		{B6124A39-02D4-35C2-9A3C-2655D555A492}.MinSizeRel|x64.ActiveCfg = MinSizeRel|x64
		{B6124A39-02D4-35C2-9A3C-2655D555A492}.MinSizeRel|x64.Build.0 = MinSizeRel|x64
		{B6124A39-02D4-35C2-9A3C-2655D555A492}.RelWithDebInfo|x64.ActiveCfg = RelWithDebInfo|x64
		{B6124A39-02D4-35C2-9A3C-2655D555A492}.RelWithDebInfo|x64.Build.0 = RelWithDebInfo|x64
		{A3FA8012-3C39-3561-8728-BF22061434D3}.Debug|x64.ActiveCfg = Debug|x64
		{A3FA8012-3C39-3561-8728-BF22061434D3}.Debug|x64.Build.0 = Debug|x64
		{A3FA8012-3C39-3561-8728-BF22061434D3}.Release|x64.ActiveCfg = Release|x64
		{A3FA8012-3C39-3561-8728-BF22061434D3}.Release|x64.Build.0 = Release|x64
		{A3FA8012-3C39-3561-8728-BF22061434D3}.MinSizeRel|x64.ActiveCfg = MinSizeRel|x64
		{A3FA8012-3C39-3561-8728-BF22061434D3}.MinSizeRel|x64.Build.0 = MinSizeRel|x64
		{A3FA8012-3C39-3561-8728-BF22061434D3}.RelWithDebInfo|x64.ActiveCfg = RelWithDebInfo|x64
		{A3FA8012-3C39-3561-8728-BF22061434D3}.RelWithDebInfo|x64.Build.0 = RelWithDebInfo|x64
		{1742AAAF-EF41-3D5E-9A1C-F24239DB4774}.Debug|x64.ActiveCfg = Debug|x64
		{1742AAAF-EF41-3D5E-9A1C-F24239DB4774}.Debug|x64.Build.0 = Debug|x64
		{1742AAAF-EF41-3D5E-9A1C-F24239DB4774}.Release|x64.ActiveCfg = Release|x64
		{1742AAAF-EF41-3D5E-9A1C-F24239DB4774}.Release|x64.Build.0 = Release|x64
		{1742AAAF-EF41-3D5E-9A1C-F24239DB4774}.MinSizeRel|x64.ActiveCfg = MinSizeRel|x64
		{1742AAAF-EF41-3D5E-9A1C-F24239DB4774}.MinSizeRel|x64.Build.0 = MinSizeRel|x64
		{1742AAAF-EF41-3D5E-9A1C-F24239DB4774}.RelWithDebInfo|x64.ActiveCfg = RelWithDebInfo|x64
		{1742AAAF-EF41-3D5E-9A1C-F24239DB4774}.RelWithDebInfo|x64.Build.0 = RelWithDebInfo|x64
		{5FCE8653-DFD1-376C-9993-0BA2D05313F9}.Debug|x64.ActiveCfg = Debug|x64
		{5FCE8653-DFD1-376C-9993-0BA2D05313F9}.Debug|x64.Build.0 = Debug|x64
		{5FCE8653-DFD1-376C-9993-0BA2D05313F9}.Release|x64.ActiveCfg = Release|x64
		{5FCE8653-DFD1-376C-9993-0BA2D05313F9}.Release|x64.Build.0 = Release|x64
		{5FCE8653-DFD1-376C-9993-0BA2D05313F9}.MinSizeRel|x64.ActiveCfg = MinSizeRel|x64
		{5FCE8653-DFD1-376C-9993-0BA2D05313F9}.MinSizeRel|x64.Build.0 = MinSizeRel|x64
		{5FCE8653-DFD1-376C-9993-0BA2D05313F9}.RelWithDebInfo|x64.ActiveCfg = RelWithDebInfo|x64
		{5FCE8653-DFD1-376C-9993-0BA2D05313F9}.RelWithDebInfo|x64.Build.0 = RelWithDebInfo|x64
		{4DA7C123-B60C-3CA7-8954-17974A9646A0}.Debug|x64.ActiveCfg = Debug|x64
		{4DA7C123-B60C-3CA7-8954-17974A9646A0}.Debug|x64.Build.0 = Debug|x64
		{4DA7C123-B60C-3CA7-8954-17974A9646A0}.Release|x64.ActiveCfg = Release|x64
		{4DA7C123-B60C-3CA7-8954-17974A9646A0}.Release|x64.Build.0 = Release|x64
		{4DA7C123-B60C-3CA7-8954-17974A9646A0}.MinSizeRel|x64.ActiveCfg = MinSizeRel|x64
		{4DA7C123-B60C-3CA7-8954-17974A9646A0}.MinSizeRel|x64.Build.0 = MinSizeRel|x64
		{4DA7C123-B60C-3CA7-8954-17974A9646A0}.RelWithDebInfo|x64.ActiveCfg = RelWithDebInfo|x64
		{4DA7C123-B60C-3CA7-8954-17974A9646A0}.RelWithDebInfo|x64.Build.0 = RelWithDebInfo|x64
		{F4817124-7057-3565-861C-36660C74F819}.Debug|x64.ActiveCfg = Debug|x64
		{F4817124-7057-3565-861C-36660C74F819}.Debug|x64.Build.0 = Debug|x64
		{F4817124-7057-3565-861C-36660C74F819}.Release|x64.ActiveCfg = Release|x64
		{F4817124-7057-3565-861C-36660C74F819}.Release|x64.Build.0 = Release|x64
		{F4817124-7057-3565-861C-36660C74F819}.MinSizeRel|x64.ActiveCfg = MinSizeRel|x64
		{F4817124-7057-3565-861C-36660C74F819}.MinSizeRel|x64.Build.0 = MinSizeRel|x64
		{F4817124-7057-3565-861C-36660C74F819}.RelWithDebInfo|x64.ActiveCfg = RelWithDebInfo|x64
		{F4817124-7057-3565-861C-36660C74F819}.RelWithDebInfo|x64.Build.0 = RelWithDebInfo|x64
		{D420C9D2-8C71-3AE5-B572-90620285D6AB}.Debug|x64.ActiveCfg = Debug|x64
		{D420C9D2-8C71-3AE5-B572-90620285D6AB}.Debug|x64.Build.0 = Debug|x64
		{D420C9D2-8C71-3AE5-B572-90620285D6AB}.Release|x64.ActiveCfg = Release|x64
		{D420C9D2-8C71-3AE5-B572-90620285D6AB}.Release|x64.Build.0 = Release|x64
		{D420C9D2-8C71-3AE5-B572-90620285D6AB}.MinSizeRel|x64.ActiveCfg = MinSizeRel|x64
		{D420C9D2-8C71-3AE5-B572-90620285D6AB}.MinSizeRel|x64.Build.0 = MinSizeRel|x64
		{D420C9D2-8C71-3AE5-B572-90620285D6AB}.RelWithDebInfo|x64.ActiveCfg = RelWithDebInfo|x64
		{D420C9D2-8C71-3AE5-B572-90620285D6AB}.RelWithDebInfo|x64.Build.0 = RelWithDebInfo|x64
	EndGlobalSection
	GlobalSection(NestedProjects) = preSolution
		{0989E9A5-9F81-38C2-8C08-33EE1691C30C} = {AB683941-4608-3AA2-94D7-CB47076FE681}
		{F76C7013-D79E-3ED0-99D2-AD28FB9C1D5F} = {AB683941-4608-3AA2-94D7-CB47076FE681}
		{572C6369-1B38-3A05-964C-97CE1F530D83} = {AB683941-4608-3AA2-94D7-CB47076FE681}
		{1482C3E6-6EDD-3E42-9DFF-B781B6B30596} = {AB683941-4608-3AA2-94D7-CB47076FE681}
	EndGlobalSection
	GlobalSection(ExtensibilityGlobals) = postSolution
		SolutionGuid = {A1201AE6-6817-3DD2-9BAC-6687338A02DA}
	EndGlobalSection
	GlobalSection(ExtensibilityAddIns) = postSolution
	EndGlobalSection
EndGlobal
