<?xml version="1.0" encoding="utf-8"?>
<Project ToolsVersion="16.0" xmlns="http://schemas.microsoft.com/developer/msbuild/2003">
  <ItemGroup>
    <ClCompile Include="C:\Project\PlusB-bin\vtk\IO\ParallelXML\vtkXMLPDataSetWriter.cxx">
      <Filter>Source Files</Filter>
    </ClCompile>
    <ClCompile Include="C:\Project\PlusB-bin\vtk\IO\ParallelXML\vtkXMLPDataObjectWriter.cxx">
      <Filter>Source Files</Filter>
    </ClCompile>
    <ClCompile Include="C:\Project\PlusB-bin\vtk\IO\ParallelXML\vtkXMLPDataWriter.cxx">
      <Filter>Source Files</Filter>
    </ClCompile>
    <ClCompile Include="C:\Project\PlusB-bin\vtk\IO\ParallelXML\vtkXMLPImageDataWriter.cxx">
      <Filter>Source Files</Filter>
    </ClCompile>
    <ClCompile Include="C:\Project\PlusB-bin\vtk\IO\ParallelXML\vtkXMLPPolyDataWriter.cxx">
      <Filter>Source Files</Filter>
    </ClCompile>
    <ClCompile Include="C:\Project\PlusB-bin\vtk\IO\ParallelXML\vtkXMLPRectilinearGridWriter.cxx">
      <Filter>Source Files</Filter>
    </ClCompile>
    <ClCompile Include="C:\Project\PlusB-bin\vtk\IO\ParallelXML\vtkXMLPStructuredDataWriter.cxx">
      <Filter>Source Files</Filter>
    </ClCompile>
    <ClCompile Include="C:\Project\PlusB-bin\vtk\IO\ParallelXML\vtkXMLPStructuredGridWriter.cxx">
      <Filter>Source Files</Filter>
    </ClCompile>
    <ClCompile Include="C:\Project\PlusB-bin\vtk\IO\ParallelXML\vtkXMLPTableWriter.cxx">
      <Filter>Source Files</Filter>
    </ClCompile>
    <ClCompile Include="C:\Project\PlusB-bin\vtk\IO\ParallelXML\vtkXMLPUnstructuredDataWriter.cxx">
      <Filter>Source Files</Filter>
    </ClCompile>
    <ClCompile Include="C:\Project\PlusB-bin\vtk\IO\ParallelXML\vtkXMLPUnstructuredGridWriter.cxx">
      <Filter>Source Files</Filter>
    </ClCompile>
    <ClCompile Include="C:\Project\PlusB-bin\vtk\IO\ParallelXML\vtkXMLPHierarchicalBoxDataWriter.cxx">
      <Filter>Source Files</Filter>
    </ClCompile>
    <ClCompile Include="C:\Project\PlusB-bin\vtk\IO\ParallelXML\vtkXMLPMultiBlockDataWriter.cxx">
      <Filter>Source Files</Filter>
    </ClCompile>
    <ClCompile Include="C:\Project\PlusB-bin\vtk\IO\ParallelXML\vtkXMLPUniformGridAMRWriter.cxx">
      <Filter>Source Files</Filter>
    </ClCompile>
  </ItemGroup>
  <ItemGroup>
    <ClInclude Include="C:\Project\PlusB-bin\vtk\IO\ParallelXML\vtkXMLPDataSetWriter.h">
      <Filter>Header Files</Filter>
    </ClInclude>
    <ClInclude Include="C:\Project\PlusB-bin\vtk\IO\ParallelXML\vtkXMLPDataObjectWriter.h">
      <Filter>Header Files</Filter>
    </ClInclude>
    <ClInclude Include="C:\Project\PlusB-bin\vtk\IO\ParallelXML\vtkXMLPDataWriter.h">
      <Filter>Header Files</Filter>
    </ClInclude>
    <ClInclude Include="C:\Project\PlusB-bin\vtk\IO\ParallelXML\vtkXMLPImageDataWriter.h">
      <Filter>Header Files</Filter>
    </ClInclude>
    <ClInclude Include="C:\Project\PlusB-bin\vtk\IO\ParallelXML\vtkXMLPPolyDataWriter.h">
      <Filter>Header Files</Filter>
    </ClInclude>
    <ClInclude Include="C:\Project\PlusB-bin\vtk\IO\ParallelXML\vtkXMLPRectilinearGridWriter.h">
      <Filter>Header Files</Filter>
    </ClInclude>
    <ClInclude Include="C:\Project\PlusB-bin\vtk\IO\ParallelXML\vtkXMLPStructuredDataWriter.h">
      <Filter>Header Files</Filter>
    </ClInclude>
    <ClInclude Include="C:\Project\PlusB-bin\vtk\IO\ParallelXML\vtkXMLPStructuredGridWriter.h">
      <Filter>Header Files</Filter>
    </ClInclude>
    <ClInclude Include="C:\Project\PlusB-bin\vtk\IO\ParallelXML\vtkXMLPTableWriter.h">
      <Filter>Header Files</Filter>
    </ClInclude>
    <ClInclude Include="C:\Project\PlusB-bin\vtk\IO\ParallelXML\vtkXMLPUnstructuredDataWriter.h">
      <Filter>Header Files</Filter>
    </ClInclude>
    <ClInclude Include="C:\Project\PlusB-bin\vtk\IO\ParallelXML\vtkXMLPUnstructuredGridWriter.h">
      <Filter>Header Files</Filter>
    </ClInclude>
    <ClInclude Include="C:\Project\PlusB-bin\vtk\IO\ParallelXML\vtkXMLPHierarchicalBoxDataWriter.h">
      <Filter>Header Files</Filter>
    </ClInclude>
    <ClInclude Include="C:\Project\PlusB-bin\vtk\IO\ParallelXML\vtkXMLPMultiBlockDataWriter.h">
      <Filter>Header Files</Filter>
    </ClInclude>
    <ClInclude Include="C:\Project\PlusB-bin\vtk\IO\ParallelXML\vtkXMLPUniformGridAMRWriter.h">
      <Filter>Header Files</Filter>
    </ClInclude>
    <ClInclude Include="C:\Project\PlusB-bin\vtk-bin\IO\ParallelXML\vtkIOParallelXMLModule.h">
      <Filter>Header Files</Filter>
    </ClInclude>
  </ItemGroup>
  <ItemGroup>
    <CustomBuild Include="C:\Project\PlusB-bin\vtk\IO\ParallelXML\CMakeLists.txt" />
  </ItemGroup>
  <ItemGroup>
    <Filter Include="Header Files">
      <UniqueIdentifier>{5EFC0CDA-0E69-39C3-B007-F41D1021B941}</UniqueIdentifier>
    </Filter>
    <Filter Include="Source Files">
      <UniqueIdentifier>{B1B3F4E0-F2F7-328C-868D-BD3440C13773}</UniqueIdentifier>
    </Filter>
  </ItemGroup>
</Project>
