<?xml version="1.0" encoding="utf-8"?>
<Project ToolsVersion="16.0" xmlns="http://schemas.microsoft.com/developer/msbuild/2003">
  <ItemGroup>
    <ClCompile Include="C:\Project\PlusB-bin\vtk\Rendering\VolumeOpenGL2\vtkMultiBlockVolumeMapper.cxx">
      <Filter>Source Files</Filter>
    </ClCompile>
    <ClCompile Include="C:\Project\PlusB-bin\vtk\Rendering\VolumeOpenGL2\vtkOpenGLGPUVolumeRayCastMapper.cxx">
      <Filter>Source Files</Filter>
    </ClCompile>
    <ClCompile Include="C:\Project\PlusB-bin\vtk\Rendering\VolumeOpenGL2\vtkOpenGLProjectedTetrahedraMapper.cxx">
      <Filter>Source Files</Filter>
    </ClCompile>
    <ClCompile Include="C:\Project\PlusB-bin\vtk\Rendering\VolumeOpenGL2\vtkOpenGLRayCastImageDisplayHelper.cxx">
      <Filter>Source Files</Filter>
    </ClCompile>
    <ClCompile Include="C:\Project\PlusB-bin\vtk\Rendering\VolumeOpenGL2\vtkSmartVolumeMapper.cxx">
      <Filter>Source Files</Filter>
    </ClCompile>
    <ClCompile Include="C:\Project\PlusB-bin\vtk\Rendering\VolumeOpenGL2\vtkVolumeTexture.cxx">
      <Filter>Source Files</Filter>
    </ClCompile>
    <ClCompile Include="C:\Project\PlusB-bin\vtk\Rendering\VolumeOpenGL2\vtkVolumeInputHelper.cxx">
      <Filter>Source Files</Filter>
    </ClCompile>
    <ClCompile Include="C:\Project\PlusB-bin\vtk\Rendering\VolumeOpenGL2\vtkOpenGLVolumeRGBTable.cxx">
      <Filter>Source Files</Filter>
    </ClCompile>
    <ClCompile Include="C:\Project\PlusB-bin\vtk\Rendering\VolumeOpenGL2\vtkOpenGLVolumeOpacityTable.cxx">
      <Filter>Source Files</Filter>
    </ClCompile>
    <ClCompile Include="C:\Project\PlusB-bin\vtk\Rendering\VolumeOpenGL2\vtkOpenGLVolumeGradientOpacityTable.cxx">
      <Filter>Source Files</Filter>
    </ClCompile>
    <ClCompile Include="C:\Project\PlusB-bin\vtk\Rendering\VolumeOpenGL2\vtkOpenGLTransferFunction2D.cxx">
      <Filter>Source Files</Filter>
    </ClCompile>
    <ClCompile Include="C:\Project\PlusB-bin\vtk\Rendering\VolumeOpenGL2\vtkOpenGLUniforms.cxx">
      <Filter>Source Files</Filter>
    </ClCompile>
    <ClCompile Include="C:\Project\PlusB-bin\vtk-bin\Rendering\VolumeOpenGL2\raycasterfs.cxx">
      <Filter>Source Files</Filter>
    </ClCompile>
    <ClCompile Include="C:\Project\PlusB-bin\vtk-bin\Rendering\VolumeOpenGL2\raycastervs.cxx">
      <Filter>Source Files</Filter>
    </ClCompile>
    <ClCompile Include="C:\Project\PlusB-bin\vtk-bin\Rendering\VolumeOpenGL2\vtkglProjectedTetrahedraVS.cxx">
      <Filter>Source Files</Filter>
    </ClCompile>
    <ClCompile Include="C:\Project\PlusB-bin\vtk-bin\Rendering\VolumeOpenGL2\vtkglProjectedTetrahedraFS.cxx">
      <Filter>Source Files</Filter>
    </ClCompile>
    <ClCompile Include="C:\Project\PlusB-bin\vtk-bin\Rendering\VolumeOpenGL2\vtkRenderingVolumeOpenGL2ObjectFactory.cxx">
      <Filter>Source Files</Filter>
    </ClCompile>
  </ItemGroup>
  <ItemGroup>
    <ClInclude Include="C:\Project\PlusB-bin\vtk\Rendering\VolumeOpenGL2\vtkMultiBlockVolumeMapper.h">
      <Filter>Header Files</Filter>
    </ClInclude>
    <ClInclude Include="C:\Project\PlusB-bin\vtk\Rendering\VolumeOpenGL2\vtkOpenGLGPUVolumeRayCastMapper.h">
      <Filter>Header Files</Filter>
    </ClInclude>
    <ClInclude Include="C:\Project\PlusB-bin\vtk\Rendering\VolumeOpenGL2\vtkOpenGLProjectedTetrahedraMapper.h">
      <Filter>Header Files</Filter>
    </ClInclude>
    <ClInclude Include="C:\Project\PlusB-bin\vtk\Rendering\VolumeOpenGL2\vtkOpenGLRayCastImageDisplayHelper.h">
      <Filter>Header Files</Filter>
    </ClInclude>
    <ClInclude Include="C:\Project\PlusB-bin\vtk\Rendering\VolumeOpenGL2\vtkSmartVolumeMapper.h">
      <Filter>Header Files</Filter>
    </ClInclude>
    <ClInclude Include="C:\Project\PlusB-bin\vtk\Rendering\VolumeOpenGL2\vtkVolumeTexture.h">
      <Filter>Header Files</Filter>
    </ClInclude>
    <ClInclude Include="C:\Project\PlusB-bin\vtk\Rendering\VolumeOpenGL2\vtkVolumeInputHelper.h">
      <Filter>Header Files</Filter>
    </ClInclude>
    <ClInclude Include="C:\Project\PlusB-bin\vtk\Rendering\VolumeOpenGL2\vtkOpenGLVolumeRGBTable.h">
      <Filter>Header Files</Filter>
    </ClInclude>
    <ClInclude Include="C:\Project\PlusB-bin\vtk\Rendering\VolumeOpenGL2\vtkOpenGLVolumeOpacityTable.h">
      <Filter>Header Files</Filter>
    </ClInclude>
    <ClInclude Include="C:\Project\PlusB-bin\vtk\Rendering\VolumeOpenGL2\vtkOpenGLVolumeGradientOpacityTable.h">
      <Filter>Header Files</Filter>
    </ClInclude>
    <ClInclude Include="C:\Project\PlusB-bin\vtk\Rendering\VolumeOpenGL2\vtkOpenGLTransferFunction2D.h">
      <Filter>Header Files</Filter>
    </ClInclude>
    <ClInclude Include="C:\Project\PlusB-bin\vtk\Rendering\VolumeOpenGL2\vtkOpenGLUniforms.h">
      <Filter>Header Files</Filter>
    </ClInclude>
    <ClInclude Include="C:\Project\PlusB-bin\vtk-bin\Rendering\VolumeOpenGL2\raycasterfs.h">
      <Filter>Header Files</Filter>
    </ClInclude>
    <ClInclude Include="C:\Project\PlusB-bin\vtk-bin\Rendering\VolumeOpenGL2\raycastervs.h">
      <Filter>Header Files</Filter>
    </ClInclude>
    <ClInclude Include="C:\Project\PlusB-bin\vtk-bin\Rendering\VolumeOpenGL2\vtkglProjectedTetrahedraVS.h">
      <Filter>Header Files</Filter>
    </ClInclude>
    <ClInclude Include="C:\Project\PlusB-bin\vtk-bin\Rendering\VolumeOpenGL2\vtkglProjectedTetrahedraFS.h">
      <Filter>Header Files</Filter>
    </ClInclude>
    <ClInclude Include="C:\Project\PlusB-bin\vtk-bin\Rendering\VolumeOpenGL2\vtkRenderingVolumeOpenGL2ObjectFactory.h">
      <Filter>Header Files</Filter>
    </ClInclude>
    <ClInclude Include="C:\Project\PlusB-bin\vtk-bin\Rendering\VolumeOpenGL2\vtkRenderingVolumeOpenGL2Module.h">
      <Filter>Header Files</Filter>
    </ClInclude>
  </ItemGroup>
  <ItemGroup>
    <CustomBuild Include="C:\Project\PlusB-bin\vtk-bin\CMakeFiles\eb04b6661d55e48930bbd2edb4feedca\raycasterfs.h.rule">
      <Filter>CMake Rules</Filter>
    </CustomBuild>
    <CustomBuild Include="C:\Project\PlusB-bin\vtk-bin\CMakeFiles\eb04b6661d55e48930bbd2edb4feedca\raycastervs.h.rule">
      <Filter>CMake Rules</Filter>
    </CustomBuild>
    <CustomBuild Include="C:\Project\PlusB-bin\vtk-bin\CMakeFiles\eb04b6661d55e48930bbd2edb4feedca\vtkglProjectedTetrahedraVS.h.rule">
      <Filter>CMake Rules</Filter>
    </CustomBuild>
    <CustomBuild Include="C:\Project\PlusB-bin\vtk-bin\CMakeFiles\eb04b6661d55e48930bbd2edb4feedca\vtkglProjectedTetrahedraFS.h.rule">
      <Filter>CMake Rules</Filter>
    </CustomBuild>
    <CustomBuild Include="C:\Project\PlusB-bin\vtk\Rendering\VolumeOpenGL2\CMakeLists.txt" />
  </ItemGroup>
  <ItemGroup>
    <Filter Include="CMake Rules">
      <UniqueIdentifier>{D2477C3C-8430-3707-AC47-6CCB0C752433}</UniqueIdentifier>
    </Filter>
    <Filter Include="Header Files">
      <UniqueIdentifier>{5EFC0CDA-0E69-39C3-B007-F41D1021B941}</UniqueIdentifier>
    </Filter>
    <Filter Include="Source Files">
      <UniqueIdentifier>{B1B3F4E0-F2F7-328C-868D-BD3440C13773}</UniqueIdentifier>
    </Filter>
  </ItemGroup>
</Project>
