<?xml version="1.0" encoding="utf-8"?>
<Project ToolsVersion="16.0" xmlns="http://schemas.microsoft.com/developer/msbuild/2003">
  <ItemGroup>
    <ClCompile Include="C:\Project\PlusB-bin\vtk\IO\Infovis\vtkBiomTableReader.cxx">
      <Filter>Source Files</Filter>
    </ClCompile>
    <ClCompile Include="C:\Project\PlusB-bin\vtk\IO\Infovis\vtkChacoGraphReader.cxx">
      <Filter>Source Files</Filter>
    </ClCompile>
    <ClCompile Include="C:\Project\PlusB-bin\vtk\IO\Infovis\vtkDelimitedTextReader.cxx">
      <Filter>Source Files</Filter>
    </ClCompile>
    <ClCompile Include="C:\Project\PlusB-bin\vtk\IO\Infovis\vtkDIMACSGraphReader.cxx">
      <Filter>Source Files</Filter>
    </ClCompile>
    <ClCompile Include="C:\Project\PlusB-bin\vtk\IO\Infovis\vtkDIMACSGraphWriter.cxx">
      <Filter>Source Files</Filter>
    </ClCompile>
    <ClCompile Include="C:\Project\PlusB-bin\vtk\IO\Infovis\vtkFixedWidthTextReader.cxx">
      <Filter>Source Files</Filter>
    </ClCompile>
    <ClCompile Include="C:\Project\PlusB-bin\vtk\IO\Infovis\vtkISIReader.cxx">
      <Filter>Source Files</Filter>
    </ClCompile>
    <ClCompile Include="C:\Project\PlusB-bin\vtk\IO\Infovis\vtkMultiNewickTreeReader.cxx">
      <Filter>Source Files</Filter>
    </ClCompile>
    <ClCompile Include="C:\Project\PlusB-bin\vtk\IO\Infovis\vtkNewickTreeReader.cxx">
      <Filter>Source Files</Filter>
    </ClCompile>
    <ClCompile Include="C:\Project\PlusB-bin\vtk\IO\Infovis\vtkNewickTreeWriter.cxx">
      <Filter>Source Files</Filter>
    </ClCompile>
    <ClCompile Include="C:\Project\PlusB-bin\vtk\IO\Infovis\vtkPhyloXMLTreeReader.cxx">
      <Filter>Source Files</Filter>
    </ClCompile>
    <ClCompile Include="C:\Project\PlusB-bin\vtk\IO\Infovis\vtkPhyloXMLTreeWriter.cxx">
      <Filter>Source Files</Filter>
    </ClCompile>
    <ClCompile Include="C:\Project\PlusB-bin\vtk\IO\Infovis\vtkRISReader.cxx">
      <Filter>Source Files</Filter>
    </ClCompile>
    <ClCompile Include="C:\Project\PlusB-bin\vtk\IO\Infovis\vtkTulipReader.cxx">
      <Filter>Source Files</Filter>
    </ClCompile>
    <ClCompile Include="C:\Project\PlusB-bin\vtk\IO\Infovis\vtkXGMLReader.cxx">
      <Filter>Source Files</Filter>
    </ClCompile>
    <ClCompile Include="C:\Project\PlusB-bin\vtk\IO\Infovis\vtkXMLTreeReader.cxx">
      <Filter>Source Files</Filter>
    </ClCompile>
  </ItemGroup>
  <ItemGroup>
    <ClInclude Include="C:\Project\PlusB-bin\vtk\IO\Infovis\vtkBiomTableReader.h">
      <Filter>Header Files</Filter>
    </ClInclude>
    <ClInclude Include="C:\Project\PlusB-bin\vtk\IO\Infovis\vtkChacoGraphReader.h">
      <Filter>Header Files</Filter>
    </ClInclude>
    <ClInclude Include="C:\Project\PlusB-bin\vtk\IO\Infovis\vtkDelimitedTextReader.h">
      <Filter>Header Files</Filter>
    </ClInclude>
    <ClInclude Include="C:\Project\PlusB-bin\vtk\IO\Infovis\vtkDIMACSGraphReader.h">
      <Filter>Header Files</Filter>
    </ClInclude>
    <ClInclude Include="C:\Project\PlusB-bin\vtk\IO\Infovis\vtkDIMACSGraphWriter.h">
      <Filter>Header Files</Filter>
    </ClInclude>
    <ClInclude Include="C:\Project\PlusB-bin\vtk\IO\Infovis\vtkFixedWidthTextReader.h">
      <Filter>Header Files</Filter>
    </ClInclude>
    <ClInclude Include="C:\Project\PlusB-bin\vtk\IO\Infovis\vtkISIReader.h">
      <Filter>Header Files</Filter>
    </ClInclude>
    <ClInclude Include="C:\Project\PlusB-bin\vtk\IO\Infovis\vtkMultiNewickTreeReader.h">
      <Filter>Header Files</Filter>
    </ClInclude>
    <ClInclude Include="C:\Project\PlusB-bin\vtk\IO\Infovis\vtkNewickTreeReader.h">
      <Filter>Header Files</Filter>
    </ClInclude>
    <ClInclude Include="C:\Project\PlusB-bin\vtk\IO\Infovis\vtkNewickTreeWriter.h">
      <Filter>Header Files</Filter>
    </ClInclude>
    <ClInclude Include="C:\Project\PlusB-bin\vtk\IO\Infovis\vtkPhyloXMLTreeReader.h">
      <Filter>Header Files</Filter>
    </ClInclude>
    <ClInclude Include="C:\Project\PlusB-bin\vtk\IO\Infovis\vtkPhyloXMLTreeWriter.h">
      <Filter>Header Files</Filter>
    </ClInclude>
    <ClInclude Include="C:\Project\PlusB-bin\vtk\IO\Infovis\vtkRISReader.h">
      <Filter>Header Files</Filter>
    </ClInclude>
    <ClInclude Include="C:\Project\PlusB-bin\vtk\IO\Infovis\vtkTulipReader.h">
      <Filter>Header Files</Filter>
    </ClInclude>
    <ClInclude Include="C:\Project\PlusB-bin\vtk\IO\Infovis\vtkXGMLReader.h">
      <Filter>Header Files</Filter>
    </ClInclude>
    <ClInclude Include="C:\Project\PlusB-bin\vtk\IO\Infovis\vtkXMLTreeReader.h">
      <Filter>Header Files</Filter>
    </ClInclude>
    <ClInclude Include="C:\Project\PlusB-bin\vtk-bin\IO\Infovis\vtkIOInfovisModule.h">
      <Filter>Header Files</Filter>
    </ClInclude>
  </ItemGroup>
  <ItemGroup>
    <CustomBuild Include="C:\Project\PlusB-bin\vtk\IO\Infovis\CMakeLists.txt" />
  </ItemGroup>
  <ItemGroup>
    <Filter Include="Header Files">
      <UniqueIdentifier>{5EFC0CDA-0E69-39C3-B007-F41D1021B941}</UniqueIdentifier>
    </Filter>
    <Filter Include="Source Files">
      <UniqueIdentifier>{B1B3F4E0-F2F7-328C-868D-BD3440C13773}</UniqueIdentifier>
    </Filter>
  </ItemGroup>
</Project>
