<?xml version="1.0" encoding="utf-8"?>
<Project ToolsVersion="16.0" xmlns="http://schemas.microsoft.com/developer/msbuild/2003">
  <ItemGroup>
    <ClCompile Include="C:\Project\PlusB-bin\PlusLib-bin\src\PlusOpenIGTLink\vtkPlusOpenIGTLink_autogen\mocs_compilation.cpp">
      <Filter>Source Files</Filter>
    </ClCompile>
    <ClCompile Include="C:\Project\PlusB-bin\PlusLib\src\PlusOpenIGTLink\igtlPlusClientInfoMessage.cxx">
      <Filter>Source Files</Filter>
    </ClCompile>
    <ClCompile Include="C:\Project\PlusB-bin\PlusLib\src\PlusOpenIGTLink\igtlPlusUsMessage.cxx">
      <Filter>Source Files</Filter>
    </ClCompile>
    <ClCompile Include="C:\Project\PlusB-bin\PlusLib\src\PlusOpenIGTLink\igtlPlusTrackedFrameMessage.cxx">
      <Filter>Source Files</Filter>
    </ClCompile>
    <ClCompile Include="C:\Project\PlusB-bin\PlusLib\src\PlusOpenIGTLink\PlusIgtlClientInfo.cxx">
      <Filter>Source Files</Filter>
    </ClCompile>
    <ClCompile Include="C:\Project\PlusB-bin\PlusLib\src\PlusOpenIGTLink\vtkPlusIgtlMessageFactory.cxx">
      <Filter>Source Files</Filter>
    </ClCompile>
    <ClCompile Include="C:\Project\PlusB-bin\PlusLib\src\PlusOpenIGTLink\vtkPlusIgtlMessageCommon.cxx">
      <Filter>Source Files</Filter>
    </ClCompile>
    <ClCompile Include="C:\Project\PlusB-bin\PlusLib\src\PlusOpenIGTLink\vtkPlusIGTLMessageQueue.cxx">
      <Filter>Source Files</Filter>
    </ClCompile>
  </ItemGroup>
  <ItemGroup>
    <ClInclude Include="C:\Project\PlusB-bin\PlusLib\src\PlusOpenIGTLink\igtlPlusClientInfoMessage.h">
      <Filter>Header Files</Filter>
    </ClInclude>
    <ClInclude Include="C:\Project\PlusB-bin\PlusLib\src\PlusOpenIGTLink\igtlPlusUsMessage.h">
      <Filter>Header Files</Filter>
    </ClInclude>
    <ClInclude Include="C:\Project\PlusB-bin\PlusLib\src\PlusOpenIGTLink\igtlPlusTrackedFrameMessage.h">
      <Filter>Header Files</Filter>
    </ClInclude>
    <ClInclude Include="C:\Project\PlusB-bin\PlusLib\src\PlusOpenIGTLink\PlusIgtlClientInfo.h">
      <Filter>Header Files</Filter>
    </ClInclude>
    <ClInclude Include="C:\Project\PlusB-bin\PlusLib\src\PlusOpenIGTLink\vtkPlusIgtlMessageFactory.h">
      <Filter>Header Files</Filter>
    </ClInclude>
    <ClInclude Include="C:\Project\PlusB-bin\PlusLib\src\PlusOpenIGTLink\vtkPlusIgtlMessageCommon.h">
      <Filter>Header Files</Filter>
    </ClInclude>
    <ClInclude Include="C:\Project\PlusB-bin\PlusLib\src\PlusOpenIGTLink\vtkPlusIGTLMessageQueue.h">
      <Filter>Header Files</Filter>
    </ClInclude>
  </ItemGroup>
  <ItemGroup>
    <CustomBuild Include="C:\Project\PlusB-bin\PlusLib\src\PlusOpenIGTLink\CMakeLists.txt" />
  </ItemGroup>
  <ItemGroup>
    <ResourceCompile Include="C:\Project\PlusB-bin\PlusLib-bin\src\PlusOpenIGTLink\vtkPlusOpenIGTLinkMSVCVersion.rc">
      <Filter>Resources</Filter>
    </ResourceCompile>
  </ItemGroup>
  <ItemGroup>
    <Filter Include="Header Files">
      <UniqueIdentifier>{551AD086-1084-3352-A04A-1F5F3B2D2918}</UniqueIdentifier>
    </Filter>
    <Filter Include="Resources">
      <UniqueIdentifier>{35C44177-7B34-37D9-B4C6-B3A11C52EDCE}</UniqueIdentifier>
    </Filter>
    <Filter Include="Source Files">
      <UniqueIdentifier>{DCD5C405-FE65-3AA4-AF41-8D3AD8FE32FC}</UniqueIdentifier>
    </Filter>
  </ItemGroup>
</Project>
