<?xml version="1.0" encoding="utf-8"?>
<Project ToolsVersion="16.0" xmlns="http://schemas.microsoft.com/developer/msbuild/2003">
  <ItemGroup>
    <CustomBuild Include="C:\Project\PlusB-bin\itk\Modules\IO\XML\CMakeLists.txt" />
  </ItemGroup>
  <ItemGroup>
    <None Include="C:\Project\PlusB-bin\itk\Modules\IO\XML\src\itkDOMNode.cxx">
      <Filter>Source Files</Filter>
    </None>
    <None Include="C:\Project\PlusB-bin\itk\Modules\IO\XML\src\itkDOMNodeXMLReader.cxx">
      <Filter>Source Files</Filter>
    </None>
    <None Include="C:\Project\PlusB-bin\itk\Modules\IO\XML\src\itkDOMNodeXMLWriter.cxx">
      <Filter>Source Files</Filter>
    </None>
    <None Include="C:\Project\PlusB-bin\itk\Modules\IO\XML\src\itkFancyString.cxx">
      <Filter>Source Files</Filter>
    </None>
    <None Include="C:\Project\PlusB-bin\itk\Modules\IO\XML\src\itkStringTools.cxx">
      <Filter>Source Files</Filter>
    </None>
    <None Include="C:\Project\PlusB-bin\itk\Modules\IO\XML\src\itkXMLFile.cxx">
      <Filter>Source Files</Filter>
    </None>
    <None Include="C:\Project\PlusB-bin\itk\Modules\IO\XML\include\itkDOMNode.h">
      <Filter>Header Files</Filter>
    </None>
    <None Include="C:\Project\PlusB-bin\itk\Modules\IO\XML\include\itkDOMNodeXMLReader.h">
      <Filter>Header Files</Filter>
    </None>
    <None Include="C:\Project\PlusB-bin\itk\Modules\IO\XML\include\itkDOMNodeXMLWriter.h">
      <Filter>Header Files</Filter>
    </None>
    <None Include="C:\Project\PlusB-bin\itk\Modules\IO\XML\include\itkDOMReader.h">
      <Filter>Header Files</Filter>
    </None>
    <None Include="C:\Project\PlusB-bin\itk\Modules\IO\XML\include\itkDOMReader.hxx">
      <Filter>Header Files</Filter>
    </None>
    <None Include="C:\Project\PlusB-bin\itk\Modules\IO\XML\include\itkDOMTextNode.h">
      <Filter>Header Files</Filter>
    </None>
    <None Include="C:\Project\PlusB-bin\itk\Modules\IO\XML\include\itkDOMWriter.h">
      <Filter>Header Files</Filter>
    </None>
    <None Include="C:\Project\PlusB-bin\itk\Modules\IO\XML\include\itkDOMWriter.hxx">
      <Filter>Header Files</Filter>
    </None>
    <None Include="C:\Project\PlusB-bin\itk\Modules\IO\XML\include\itkFancyString.h">
      <Filter>Header Files</Filter>
    </None>
    <None Include="C:\Project\PlusB-bin\itk\Modules\IO\XML\include\itkFancyString.hxx">
      <Filter>Header Files</Filter>
    </None>
    <None Include="C:\Project\PlusB-bin\itk\Modules\IO\XML\include\itkFileTools.h">
      <Filter>Header Files</Filter>
    </None>
    <None Include="C:\Project\PlusB-bin\itk\Modules\IO\XML\include\itkStringTools.h">
      <Filter>Header Files</Filter>
    </None>
    <None Include="C:\Project\PlusB-bin\itk\Modules\IO\XML\include\itkStringTools.hxx">
      <Filter>Header Files</Filter>
    </None>
    <None Include="C:\Project\PlusB-bin\itk\Modules\IO\XML\include\itkXMLFile.h">
      <Filter>Header Files</Filter>
    </None>
  </ItemGroup>
  <ItemGroup>
    <Filter Include="Header Files">
      <UniqueIdentifier>{F958006F-841E-3F77-A7B5-2A4B9AA13527}</UniqueIdentifier>
    </Filter>
    <Filter Include="Source Files">
      <UniqueIdentifier>{2AC2F65C-EFAE-3450-8BC4-C94EAB5A88FA}</UniqueIdentifier>
    </Filter>
  </ItemGroup>
</Project>
