<?xml version="1.0" encoding="utf-8"?>
<Project ToolsVersion="16.0" xmlns="http://schemas.microsoft.com/developer/msbuild/2003">
  <ItemGroup>
    <ClCompile Include="C:\Project\PlusB-bin\vtk\Common\Transforms\vtkAbstractTransform.cxx">
      <Filter>Source Files</Filter>
    </ClCompile>
    <ClCompile Include="C:\Project\PlusB-bin\vtk\Common\Transforms\vtkCylindricalTransform.cxx">
      <Filter>Source Files</Filter>
    </ClCompile>
    <ClCompile Include="C:\Project\PlusB-bin\vtk\Common\Transforms\vtkGeneralTransform.cxx">
      <Filter>Source Files</Filter>
    </ClCompile>
    <ClCompile Include="C:\Project\PlusB-bin\vtk\Common\Transforms\vtkHomogeneousTransform.cxx">
      <Filter>Source Files</Filter>
    </ClCompile>
    <ClCompile Include="C:\Project\PlusB-bin\vtk\Common\Transforms\vtkIdentityTransform.cxx">
      <Filter>Source Files</Filter>
    </ClCompile>
    <ClCompile Include="C:\Project\PlusB-bin\vtk\Common\Transforms\vtkLinearTransform.cxx">
      <Filter>Source Files</Filter>
    </ClCompile>
    <ClCompile Include="C:\Project\PlusB-bin\vtk\Common\Transforms\vtkMatrixToHomogeneousTransform.cxx">
      <Filter>Source Files</Filter>
    </ClCompile>
    <ClCompile Include="C:\Project\PlusB-bin\vtk\Common\Transforms\vtkMatrixToLinearTransform.cxx">
      <Filter>Source Files</Filter>
    </ClCompile>
    <ClCompile Include="C:\Project\PlusB-bin\vtk\Common\Transforms\vtkPerspectiveTransform.cxx">
      <Filter>Source Files</Filter>
    </ClCompile>
    <ClCompile Include="C:\Project\PlusB-bin\vtk\Common\Transforms\vtkSphericalTransform.cxx">
      <Filter>Source Files</Filter>
    </ClCompile>
    <ClCompile Include="C:\Project\PlusB-bin\vtk\Common\Transforms\vtkThinPlateSplineTransform.cxx">
      <Filter>Source Files</Filter>
    </ClCompile>
    <ClCompile Include="C:\Project\PlusB-bin\vtk\Common\Transforms\vtkTransform2D.cxx">
      <Filter>Source Files</Filter>
    </ClCompile>
    <ClCompile Include="C:\Project\PlusB-bin\vtk\Common\Transforms\vtkTransformCollection.cxx">
      <Filter>Source Files</Filter>
    </ClCompile>
    <ClCompile Include="C:\Project\PlusB-bin\vtk\Common\Transforms\vtkTransform.cxx">
      <Filter>Source Files</Filter>
    </ClCompile>
    <ClCompile Include="C:\Project\PlusB-bin\vtk\Common\Transforms\vtkWarpTransform.cxx">
      <Filter>Source Files</Filter>
    </ClCompile>
    <ClCompile Include="C:\Project\PlusB-bin\vtk\Common\Transforms\vtkLandmarkTransform.cxx">
      <Filter>Source Files</Filter>
    </ClCompile>
  </ItemGroup>
  <ItemGroup>
    <ClInclude Include="C:\Project\PlusB-bin\vtk\Common\Transforms\vtkAbstractTransform.h">
      <Filter>Header Files</Filter>
    </ClInclude>
    <ClInclude Include="C:\Project\PlusB-bin\vtk\Common\Transforms\vtkCylindricalTransform.h">
      <Filter>Header Files</Filter>
    </ClInclude>
    <ClInclude Include="C:\Project\PlusB-bin\vtk\Common\Transforms\vtkGeneralTransform.h">
      <Filter>Header Files</Filter>
    </ClInclude>
    <ClInclude Include="C:\Project\PlusB-bin\vtk\Common\Transforms\vtkHomogeneousTransform.h">
      <Filter>Header Files</Filter>
    </ClInclude>
    <ClInclude Include="C:\Project\PlusB-bin\vtk\Common\Transforms\vtkIdentityTransform.h">
      <Filter>Header Files</Filter>
    </ClInclude>
    <ClInclude Include="C:\Project\PlusB-bin\vtk\Common\Transforms\vtkLinearTransform.h">
      <Filter>Header Files</Filter>
    </ClInclude>
    <ClInclude Include="C:\Project\PlusB-bin\vtk\Common\Transforms\vtkMatrixToHomogeneousTransform.h">
      <Filter>Header Files</Filter>
    </ClInclude>
    <ClInclude Include="C:\Project\PlusB-bin\vtk\Common\Transforms\vtkMatrixToLinearTransform.h">
      <Filter>Header Files</Filter>
    </ClInclude>
    <ClInclude Include="C:\Project\PlusB-bin\vtk\Common\Transforms\vtkPerspectiveTransform.h">
      <Filter>Header Files</Filter>
    </ClInclude>
    <ClInclude Include="C:\Project\PlusB-bin\vtk\Common\Transforms\vtkSphericalTransform.h">
      <Filter>Header Files</Filter>
    </ClInclude>
    <ClInclude Include="C:\Project\PlusB-bin\vtk\Common\Transforms\vtkThinPlateSplineTransform.h">
      <Filter>Header Files</Filter>
    </ClInclude>
    <ClInclude Include="C:\Project\PlusB-bin\vtk\Common\Transforms\vtkTransform2D.h">
      <Filter>Header Files</Filter>
    </ClInclude>
    <ClInclude Include="C:\Project\PlusB-bin\vtk\Common\Transforms\vtkTransformCollection.h">
      <Filter>Header Files</Filter>
    </ClInclude>
    <ClInclude Include="C:\Project\PlusB-bin\vtk\Common\Transforms\vtkTransform.h">
      <Filter>Header Files</Filter>
    </ClInclude>
    <ClInclude Include="C:\Project\PlusB-bin\vtk\Common\Transforms\vtkWarpTransform.h">
      <Filter>Header Files</Filter>
    </ClInclude>
    <ClInclude Include="C:\Project\PlusB-bin\vtk\Common\Transforms\vtkLandmarkTransform.h">
      <Filter>Header Files</Filter>
    </ClInclude>
    <ClInclude Include="C:\Project\PlusB-bin\vtk-bin\Common\Transforms\vtkCommonTransformsModule.h">
      <Filter>Header Files</Filter>
    </ClInclude>
  </ItemGroup>
  <ItemGroup>
    <CustomBuild Include="C:\Project\PlusB-bin\vtk\Common\Transforms\CMakeLists.txt" />
  </ItemGroup>
  <ItemGroup>
    <Filter Include="Header Files">
      <UniqueIdentifier>{5EFC0CDA-0E69-39C3-B007-F41D1021B941}</UniqueIdentifier>
    </Filter>
    <Filter Include="Source Files">
      <UniqueIdentifier>{B1B3F4E0-F2F7-328C-868D-BD3440C13773}</UniqueIdentifier>
    </Filter>
  </ItemGroup>
</Project>
