<?xml version="1.0" encoding="utf-8"?>
<Project ToolsVersion="16.0" xmlns="http://schemas.microsoft.com/developer/msbuild/2003">
  <ItemGroup>
    <ClCompile Include="C:\Project\PlusB-bin\OpenIGTLinkIO\Converter\igtlioBaseConverter.cxx">
      <Filter>Source Files</Filter>
    </ClCompile>
    <ClCompile Include="C:\Project\PlusB-bin\OpenIGTLinkIO\Converter\igtlioCommandConverter.cxx">
      <Filter>Source Files</Filter>
    </ClCompile>
    <ClCompile Include="C:\Project\PlusB-bin\OpenIGTLinkIO\Converter\igtlioConverterUtilities.cxx">
      <Filter>Source Files</Filter>
    </ClCompile>
    <ClCompile Include="C:\Project\PlusB-bin\OpenIGTLinkIO\Converter\igtlioImageConverter.cxx">
      <Filter>Source Files</Filter>
    </ClCompile>
    <ClCompile Include="C:\Project\PlusB-bin\OpenIGTLinkIO\Converter\igtlioImageMetaConverter.cxx">
      <Filter>Source Files</Filter>
    </ClCompile>
    <ClCompile Include="C:\Project\PlusB-bin\OpenIGTLinkIO\Converter\igtlioLabelMetaConverter.cxx">
      <Filter>Source Files</Filter>
    </ClCompile>
    <ClCompile Include="C:\Project\PlusB-bin\OpenIGTLinkIO\Converter\igtlioPolyDataConverter.cxx">
      <Filter>Source Files</Filter>
    </ClCompile>
    <ClCompile Include="C:\Project\PlusB-bin\OpenIGTLinkIO\Converter\igtlioPointConverter.cxx">
      <Filter>Source Files</Filter>
    </ClCompile>
    <ClCompile Include="C:\Project\PlusB-bin\OpenIGTLinkIO\Converter\igtlioStatusConverter.cxx">
      <Filter>Source Files</Filter>
    </ClCompile>
    <ClCompile Include="C:\Project\PlusB-bin\OpenIGTLinkIO\Converter\igtlioStringConverter.cxx">
      <Filter>Source Files</Filter>
    </ClCompile>
    <ClCompile Include="C:\Project\PlusB-bin\OpenIGTLinkIO\Converter\igtlioTransformConverter.cxx">
      <Filter>Source Files</Filter>
    </ClCompile>
    <ClCompile Include="C:\Project\PlusB-bin\OpenIGTLinkIO\Converter\igtlioTrackingDataConverter.cxx">
      <Filter>Source Files</Filter>
    </ClCompile>
  </ItemGroup>
  <ItemGroup>
    <ClInclude Include="C:\Project\PlusB-bin\OpenIGTLinkIO\Converter\igtlioBaseConverter.h">
      <Filter>Header Files</Filter>
    </ClInclude>
    <ClInclude Include="C:\Project\PlusB-bin\OpenIGTLinkIO\Converter\igtlioCommandConverter.h">
      <Filter>Header Files</Filter>
    </ClInclude>
    <ClInclude Include="C:\Project\PlusB-bin\OpenIGTLinkIO\Converter\igtlioConverterUtilities.h">
      <Filter>Header Files</Filter>
    </ClInclude>
    <ClInclude Include="C:\Project\PlusB-bin\OpenIGTLinkIO\Converter\igtlioImageConverter.h">
      <Filter>Header Files</Filter>
    </ClInclude>
    <ClInclude Include="C:\Project\PlusB-bin\OpenIGTLinkIO\Converter\igtlioImageMetaConverter.h">
      <Filter>Header Files</Filter>
    </ClInclude>
    <ClInclude Include="C:\Project\PlusB-bin\OpenIGTLinkIO\Converter\igtlioLabelMetaConverter.h">
      <Filter>Header Files</Filter>
    </ClInclude>
    <ClInclude Include="C:\Project\PlusB-bin\OpenIGTLinkIO\Converter\igtlioPolyDataConverter.h">
      <Filter>Header Files</Filter>
    </ClInclude>
    <ClInclude Include="C:\Project\PlusB-bin\OpenIGTLinkIO\Converter\igtlioPointConverter.h">
      <Filter>Header Files</Filter>
    </ClInclude>
    <ClInclude Include="C:\Project\PlusB-bin\OpenIGTLinkIO\Converter\igtlioStatusConverter.h">
      <Filter>Header Files</Filter>
    </ClInclude>
    <ClInclude Include="C:\Project\PlusB-bin\OpenIGTLinkIO\Converter\igtlioStringConverter.h">
      <Filter>Header Files</Filter>
    </ClInclude>
    <ClInclude Include="C:\Project\PlusB-bin\OpenIGTLinkIO\Converter\igtlioTransformConverter.h">
      <Filter>Header Files</Filter>
    </ClInclude>
    <ClInclude Include="C:\Project\PlusB-bin\OpenIGTLinkIO\Converter\igtlioUsSectorDefinitions.h">
      <Filter>Header Files</Filter>
    </ClInclude>
    <ClInclude Include="C:\Project\PlusB-bin\OpenIGTLinkIO\Converter\igtlioTrackingDataConverter.h">
      <Filter>Header Files</Filter>
    </ClInclude>
  </ItemGroup>
  <ItemGroup>
    <CustomBuild Include="C:\Project\PlusB-bin\OpenIGTLinkIO\Converter\CMakeLists.txt" />
  </ItemGroup>
  <ItemGroup>
    <Filter Include="Header Files">
      <UniqueIdentifier>{3002A360-5503-37F5-9B8A-0B7D40534E95}</UniqueIdentifier>
    </Filter>
    <Filter Include="Source Files">
      <UniqueIdentifier>{59BD979A-ED3A-3AEF-B0EA-D4E834C9E225}</UniqueIdentifier>
    </Filter>
  </ItemGroup>
</Project>
